// !$*UTF8*$!
{
	archiveVersion = 1;
	classes = {
	};
	objectVersion = 46;
	objects = {

/* Begin PBXBuildFile section */
		00F0C609A156732221BAEEA79939D092 /* Cocoa.framework in Frameworks */ = {isa = PBXBuildFile; fileRef = 3312D05CDCB3EC18642AE0A13A0EBCF4 /* Cocoa.framework */; };
		03B89D761F44173A5A8BF079A8E8C752 /* DiagnosticsStore.swift in Sources */ = {isa = PBXBuildFile; fileRef = 64BCC2B63F3C8EEB3890AAA5FFF5EA25 /* DiagnosticsStore.swift */; };
		10858BE635964D0E4E1ECF9F70ED0E79 /* PreviewHarness.swift in Sources */ = {isa = PBXBuildFile; fileRef = 7D473C0E73556BEFE338377A8529D078 /* PreviewHarness.swift */; };
		1E68FFDCF169A3ED592ECD52177C406D /* Cocoa.framework in Frameworks */ = {isa = PBXBuildFile; fileRef = 3312D05CDCB3EC18642AE0A13A0EBCF4 /* Cocoa.framework */; };
		48164FE976C54372B37B4B7CD5083A6B /* main.swift in Sources */ = {isa = PBXBuildFile; fileRef = D6AE1BDB3CEE245724DE7768ECCF5C22 /* main.swift */; };
		4A75B811CB5ACFCF41961DF5C4B15370 /* UpdateCoordinator.swift in Sources */ = {isa = PBXBuildFile; fileRef = B10474556CD70BD6A593DE4267146336 /* UpdateCoordinator.swift */; };
		599CC7489B29523B667530171ECE4905 /* LidPilotCore in Frameworks */ = {isa = PBXBuildFile; productRef = BE2EE23B41BD42F8A04203A7440EE5FD /* LidPilotCore */; };
		65F7494802A98F5F377608E5087DA370 /* HelperManager.swift in Sources */ = {isa = PBXBuildFile; fileRef = 7B5C15A84A86CCC74EC6B0BA1C56A3FB /* HelperManager.swift */; };
		6B4D7CCC20DD9F012DDFBA1024D2B068 /* LidPilotHelper in Embed LidPilotHelper */ = {isa = PBXBuildFile; fileRef = 359131119CEACA867BB1A149A009E57B /* LidPilotHelper */; settings = {ATTRIBUTES = (CodeSignOnCopy, ); }; };
		765C2008D32C08E39BA3B63AAF7272F6 /* com.lidpilot.app.helper.plist in Embed LaunchDaemon */ = {isa = PBXBuildFile; fileRef = 51CA11A1B500E15A115AD48237B27E18 /* com.lidpilot.app.helper.plist */; };
		85A6DD675CCBD90074996121C2BE7D69 /* SettingsView.swift in Sources */ = {isa = PBXBuildFile; fileRef = 695D195D5D525F4DB366B6947EAF068C /* SettingsView.swift */; };
		88B4BA3E9AA852852C595AA73D1E4D0C /* THIRD_PARTY_NOTICES.md in Resources */ = {isa = PBXBuildFile; fileRef = C5C171D0CE857EC169C86906C50199EE /* THIRD_PARTY_NOTICES.md */; };
		8D30B7867A43F7B8AC7DE7A641C7DD1A /* LidPilotRuntime in Frameworks */ = {isa = PBXBuildFile; productRef = BDEDD0A552E7F683FD91208F9AF20ADC /* LidPilotRuntime */; };
		9A545C3C92156A151F6BBB88958FF7BC /* PilotPanel.swift in Sources */ = {isa = PBXBuildFile; fileRef = 183E87B492785732A89AF28E53B4E65D /* PilotPanel.swift */; };
		9E359B8B97C2E85F85781A8E8629FC29 /* AppModel.swift in Sources */ = {isa = PBXBuildFile; fileRef = E2F69F9CDDCCCD4D3C891C92EDAB0A7E /* AppModel.swift */; };
		9FD3FA365C8A58B43EFD9A58697C48E1 /* LidPilotCore in Frameworks */ = {isa = PBXBuildFile; productRef = CEB9A52A9DE9E5980A2EA8FD191E049C /* LidPilotCore */; };
		A357A3C719B3735D5F484C94733BBA19 /* WelcomeView.swift in Sources */ = {isa = PBXBuildFile; fileRef = 09E9A6FDE13CF44918CBA0DE0961276B /* WelcomeView.swift */; };
		A5261C5F16AFF72E1C6B4E56B67DCFC1 /* Assets.xcassets in Resources */ = {isa = PBXBuildFile; fileRef = 16537F856E6E4DEAD23EBDFD03B1D97E /* Assets.xcassets */; };
		CB3207CD24EA7A30213FE80B966CAF99 /* LidPilotRuntime in Frameworks */ = {isa = PBXBuildFile; productRef = D331368E030DE86BF76B873B8D46E6BE /* LidPilotRuntime */; };
		E1223BC9C8E74E6F2A0A1709FC19AF3F /* Sparkle in Frameworks */ = {isa = PBXBuildFile; productRef = A97FBA797376B4658DD96BF62C35B7FE /* Sparkle */; };
		E80F543152ED58E3AAC0F9E3B138FF28 /* StateObserver.swift in Sources */ = {isa = PBXBuildFile; fileRef = 4C137F18A18822F29FC235A07676AA12 /* StateObserver.swift */; };
		EE692B39CB2A3CA19D71D4BE10FE3431 /* LICENSE in Resources */ = {isa = PBXBuildFile; fileRef = 13F0F8D73796683FD58495963E905DC8 /* LICENSE */; };
		FCAFFAE36C9A8EEE33F7CF6E9E5F5735 /* LidPilotApp.swift in Sources */ = {isa = PBXBuildFile; fileRef = 1812A3ABF7D49E5CAD125E81D80C34B6 /* LidPilotApp.swift */; };
/* End PBXBuildFile section */

/* Begin PBXContainerItemProxy section */
		E3EB5338A6851FD7B68632E241E1BC90 /* PBXContainerItemProxy */ = {
			isa = PBXContainerItemProxy;
			containerPortal = 7E35FAB48B0F003348B9A6997BC3F935 /* Project object */;
			proxyType = 1;
			remoteGlobalIDString = 44CB0E2D54099AF87389027D31B5CA04;
			remoteInfo = LidPilotHelper;
		};
/* End PBXContainerItemProxy section */

/* Begin PBXCopyFilesBuildPhase section */
		6CB4E81B0EDCD532B34029129C972678 /* Embed LaunchDaemon */ = {
			isa = PBXCopyFilesBuildPhase;
			buildActionMask = 2147483647;
			dstPath = Contents/Library/LaunchDaemons;
			dstSubfolderSpec = 1;
			files = (
				765C2008D32C08E39BA3B63AAF7272F6 /* com.lidpilot.app.helper.plist in Embed LaunchDaemon */,
			);
			name = "Embed LaunchDaemon";
			runOnlyForDeploymentPostprocessing = 0;
		};
		C4E829EB25EC31949A18F1D7ECD6FAE3 /* Embed LidPilotHelper */ = {
			isa = PBXCopyFilesBuildPhase;
			buildActionMask = 2147483647;
			dstPath = Contents/Library/HelperTools;
			dstSubfolderSpec = 1;
			files = (
				6B4D7CCC20DD9F012DDFBA1024D2B068 /* LidPilotHelper in Embed LidPilotHelper */,
			);
			name = "Embed LidPilotHelper";
			runOnlyForDeploymentPostprocessing = 0;
		};
/* End PBXCopyFilesBuildPhase section */

/* Begin PBXFileReference section */
		09E9A6FDE13CF44918CBA0DE0961276B /* WelcomeView.swift */ = {isa = PBXFileReference; includeInIndex = 1; lastKnownFileType = sourcecode.swift; name = WelcomeView.swift; path = App/WelcomeView.swift; sourceTree = "<group>"; };
		13F0F8D73796683FD58495963E905DC8 /* LICENSE */ = {isa = PBXFileReference; includeInIndex = 1; path = LICENSE; sourceTree = "<group>"; };
		16537F856E6E4DEAD23EBDFD03B1D97E /* Assets.xcassets */ = {isa = PBXFileReference; includeInIndex = 1; lastKnownFileType = folder.assetcatalog; name = Assets.xcassets; path = App/Assets.xcassets; sourceTree = "<group>"; };
		1812A3ABF7D49E5CAD125E81D80C34B6 /* LidPilotApp.swift */ = {isa = PBXFileReference; includeInIndex = 1; lastKnownFileType = sourcecode.swift; name = LidPilotApp.swift; path = App/LidPilotApp.swift; sourceTree = "<group>"; };
		183E87B492785732A89AF28E53B4E65D /* PilotPanel.swift */ = {isa = PBXFileReference; includeInIndex = 1; lastKnownFileType = sourcecode.swift; name = PilotPanel.swift; path = App/PilotPanel.swift; sourceTree = "<group>"; };
		3312D05CDCB3EC18642AE0A13A0EBCF4 /* Cocoa.framework */ = {isa = PBXFileReference; lastKnownFileType = wrapper.framework; name = Cocoa.framework; path = Platforms/MacOSX.platform/Developer/SDKs/MacOSX15.0.sdk/System/Library/Frameworks/Cocoa.framework; sourceTree = DEVELOPER_DIR; };
		359131119CEACA867BB1A149A009E57B /* LidPilotHelper */ = {isa = PBXFileReference; includeInIndex = 0; name = LidPilotHelper; path = LidPilotHelper; sourceTree = BUILT_PRODUCTS_DIR; };
		4C137F18A18822F29FC235A07676AA12 /* StateObserver.swift */ = {isa = PBXFileReference; includeInIndex = 1; lastKnownFileType = sourcecode.swift; name = StateObserver.swift; path = App/StateObserver.swift; sourceTree = "<group>"; };
		51CA11A1B500E15A115AD48237B27E18 /* com.lidpilot.app.helper.plist */ = {isa = PBXFileReference; includeInIndex = 1; lastKnownFileType = text.plist.xml; name = com.lidpilot.app.helper.plist; path = Config/LaunchDaemons/com.lidpilot.app.helper.plist; sourceTree = "<group>"; };
		64BCC2B63F3C8EEB3890AAA5FFF5EA25 /* DiagnosticsStore.swift */ = {isa = PBXFileReference; includeInIndex = 1; lastKnownFileType = sourcecode.swift; name = DiagnosticsStore.swift; path = App/DiagnosticsStore.swift; sourceTree = "<group>"; };
		695D195D5D525F4DB366B6947EAF068C /* SettingsView.swift */ = {isa = PBXFileReference; includeInIndex = 1; lastKnownFileType = sourcecode.swift; name = SettingsView.swift; path = App/SettingsView.swift; sourceTree = "<group>"; };
		7B5C15A84A86CCC74EC6B0BA1C56A3FB /* HelperManager.swift */ = {isa = PBXFileReference; includeInIndex = 1; lastKnownFileType = sourcecode.swift; name = HelperManager.swift; path = App/HelperManager.swift; sourceTree = "<group>"; };
		7D473C0E73556BEFE338377A8529D078 /* PreviewHarness.swift */ = {isa = PBXFileReference; includeInIndex = 1; lastKnownFileType = sourcecode.swift; name = PreviewHarness.swift; path = App/PreviewHarness.swift; sourceTree = "<group>"; };
		903D869E4E5535637963BB07C7DCA36B /* Version.xcconfig */ = {isa = PBXFileReference; includeInIndex = 1; lastKnownFileType = text.xcconfig; path = Version.xcconfig; sourceTree = "<group>"; };
		A99A457A400AC7D14B0FC6E4B6AB8161 /* LidPilot.app */ = {isa = PBXFileReference; explicitFileType = wrapper.application; includeInIndex = 0; name = LidPilot.app; path = LidPilot.app; sourceTree = BUILT_PRODUCTS_DIR; };
		B10474556CD70BD6A593DE4267146336 /* UpdateCoordinator.swift */ = {isa = PBXFileReference; includeInIndex = 1; lastKnownFileType = sourcecode.swift; name = UpdateCoordinator.swift; path = App/UpdateCoordinator.swift; sourceTree = "<group>"; };
		C5C171D0CE857EC169C86906C50199EE /* THIRD_PARTY_NOTICES.md */ = {isa = PBXFileReference; includeInIndex = 1; path = THIRD_PARTY_NOTICES.md; sourceTree = "<group>"; };
		D6AE1BDB3CEE245724DE7768ECCF5C22 /* main.swift */ = {isa = PBXFileReference; includeInIndex = 1; lastKnownFileType = sourcecode.swift; name = main.swift; path = Helper/main.swift; sourceTree = "<group>"; };
		E2F69F9CDDCCCD4D3C891C92EDAB0A7E /* AppModel.swift */ = {isa = PBXFileReference; includeInIndex = 1; lastKnownFileType = sourcecode.swift; name = AppModel.swift; path = App/AppModel.swift; sourceTree = "<group>"; };
/* End PBXFileReference section */

/* Begin PBXFrameworksBuildPhase section */
		93FB97F2D77170F4F19469101C16149F /* Frameworks */ = {
			isa = PBXFrameworksBuildPhase;
			buildActionMask = 2147483647;
			files = (
				1E68FFDCF169A3ED592ECD52177C406D /* Cocoa.framework in Frameworks */,
				8D30B7867A43F7B8AC7DE7A641C7DD1A /* LidPilotRuntime in Frameworks */,
				9FD3FA365C8A58B43EFD9A58697C48E1 /* LidPilotCore in Frameworks */,
			);
			runOnlyForDeploymentPostprocessing = 0;
		};
		EC1740D42F7D9F20607BC8504E1C5CEA /* Frameworks */ = {
			isa = PBXFrameworksBuildPhase;
			buildActionMask = 2147483647;
			files = (
				00F0C609A156732221BAEEA79939D092 /* Cocoa.framework in Frameworks */,
				CB3207CD24EA7A30213FE80B966CAF99 /* LidPilotRuntime in Frameworks */,
				599CC7489B29523B667530171ECE4905 /* LidPilotCore in Frameworks */,
				E1223BC9C8E74E6F2A0A1709FC19AF3F /* Sparkle in Frameworks */,
			);
			runOnlyForDeploymentPostprocessing = 0;
		};
/* End PBXFrameworksBuildPhase section */

/* Begin PBXGroup section */
		004DDE3C3F331730992BBF333BDC6276 /* Helper */ = {
			isa = PBXGroup;
			children = (
				D6AE1BDB3CEE245724DE7768ECCF5C22 /* main.swift */,
			);
			name = Helper;
			sourceTree = "<group>";
		};
		0A03C60FC0E26512B9583EE3E107513C /* Products */ = {
			isa = PBXGroup;
			children = (
				A99A457A400AC7D14B0FC6E4B6AB8161 /* LidPilot.app */,
				359131119CEACA867BB1A149A009E57B /* LidPilotHelper */,
			);
			name = Products;
			sourceTree = "<group>";
		};
		49DA8F2554E0F3C22444E788CE2C526A /* Frameworks */ = {
			isa = PBXGroup;
			children = (
				D016C1E4574C4262A0B8579FC0FD5858 /* OS X */,
			);
			name = Frameworks;
			sourceTree = "<group>";
		};
		A6BA33EB933E86EE78AC46A7B75D624B = {
			isa = PBXGroup;
			children = (
				0A03C60FC0E26512B9583EE3E107513C /* Products */,
				49DA8F2554E0F3C22444E788CE2C526A /* Frameworks */,
				903D869E4E5535637963BB07C7DCA36B /* Version.xcconfig */,
				FF4442C60F88033B5388CB13746FFE5D /* App */,
				004DDE3C3F331730992BBF333BDC6276 /* Helper */,
				16537F856E6E4DEAD23EBDFD03B1D97E /* Assets.xcassets */,
				13F0F8D73796683FD58495963E905DC8 /* LICENSE */,
				C5C171D0CE857EC169C86906C50199EE /* THIRD_PARTY_NOTICES.md */,
				51CA11A1B500E15A115AD48237B27E18 /* com.lidpilot.app.helper.plist */,
			);
			sourceTree = "<group>";
		};
		D016C1E4574C4262A0B8579FC0FD5858 /* OS X */ = {
			isa = PBXGroup;
			children = (
				3312D05CDCB3EC18642AE0A13A0EBCF4 /* Cocoa.framework */,
			);
			name = "OS X";
			sourceTree = "<group>";
		};
		FF4442C60F88033B5388CB13746FFE5D /* App */ = {
			isa = PBXGroup;
			children = (
				E2F69F9CDDCCCD4D3C891C92EDAB0A7E /* AppModel.swift */,
				64BCC2B63F3C8EEB3890AAA5FFF5EA25 /* DiagnosticsStore.swift */,
				7B5C15A84A86CCC74EC6B0BA1C56A3FB /* HelperManager.swift */,
				1812A3ABF7D49E5CAD125E81D80C34B6 /* LidPilotApp.swift */,
				183E87B492785732A89AF28E53B4E65D /* PilotPanel.swift */,
				7D473C0E73556BEFE338377A8529D078 /* PreviewHarness.swift */,
				695D195D5D525F4DB366B6947EAF068C /* SettingsView.swift */,
				4C137F18A18822F29FC235A07676AA12 /* StateObserver.swift */,
				B10474556CD70BD6A593DE4267146336 /* UpdateCoordinator.swift */,
				09E9A6FDE13CF44918CBA0DE0961276B /* WelcomeView.swift */,
			);
			name = App;
			sourceTree = "<group>";
		};
/* End PBXGroup section */

/* Begin PBXNativeTarget section */
		3686D2FA445CA7B2FD82A156A3ADBF75 /* LidPilot */ = {
			isa = PBXNativeTarget;
			buildConfigurationList = A4833CBB9678975C695D16F2DAE94BFE /* Build configuration list for PBXNativeTarget "LidPilot" */;
			buildPhases = (
				58C8097351EC27F1230B3B3BAB0A1BE9 /* Sources */,
				EC1740D42F7D9F20607BC8504E1C5CEA /* Frameworks */,
				040BA48D56417455307B262DA5D4BC6F /* Resources */,
				C4E829EB25EC31949A18F1D7ECD6FAE3 /* Embed LidPilotHelper */,
				6CB4E81B0EDCD532B34029129C972678 /* Embed LaunchDaemon */,
			);
			buildRules = (
			);
			dependencies = (
				FD59791B103B8BA8FC60597B676B9F53 /* PBXTargetDependency */,
			);
			name = LidPilot;
			packageProductDependencies = (
				D331368E030DE86BF76B873B8D46E6BE /* LidPilotRuntime */,
				BE2EE23B41BD42F8A04203A7440EE5FD /* LidPilotCore */,
				A97FBA797376B4658DD96BF62C35B7FE /* Sparkle */,
			);
			productName = LidPilot;
			productReference = A99A457A400AC7D14B0FC6E4B6AB8161 /* LidPilot.app */;
			productType = "com.apple.product-type.application";
		};
		44CB0E2D54099AF87389027D31B5CA04 /* LidPilotHelper */ = {
			isa = PBXNativeTarget;
			buildConfigurationList = FC86A0C646D1433446492508E4EC23AC /* Build configuration list for PBXNativeTarget "LidPilotHelper" */;
			buildPhases = (
				A90502F175E33A473323300265B51628 /* Sources */,
				93FB97F2D77170F4F19469101C16149F /* Frameworks */,
				1053EB05724FAF5A11CB029980946EBC /* Resources */,
			);
			buildRules = (
			);
			dependencies = (
			);
			name = LidPilotHelper;
			packageProductDependencies = (
				BDEDD0A552E7F683FD91208F9AF20ADC /* LidPilotRuntime */,
				CEB9A52A9DE9E5980A2EA8FD191E049C /* LidPilotCore */,
			);
			productName = LidPilotHelper;
			productReference = 359131119CEACA867BB1A149A009E57B /* LidPilotHelper */;
			productType = "com.apple.product-type.tool";
		};
/* End PBXNativeTarget section */

/* Begin PBXProject section */
		7E35FAB48B0F003348B9A6997BC3F935 /* Project object */ = {
			isa = PBXProject;
			attributes = {
				LastSwiftUpdateCheck = 1600;
				LastUpgradeCheck = 2700;
			};
			buildConfigurationList = A10E772ECF1D3B0704A2EA7A93052F57 /* Build configuration list for PBXProject "LidPilot" */;
			compatibilityVersion = "Xcode 3.2";
			developmentRegion = en;
			hasScannedForEncodings = 0;
			knownRegions = (
				en,
				Base,
			);
			mainGroup = A6BA33EB933E86EE78AC46A7B75D624B;
			minimizedProjectReferenceProxies = 0;
			packageReferences = (
				898E021E43D4EC0A761F8EAF97B80805 /* XCLocalSwiftPackageReference "." */,
				6E7FBB96751ED0A20BD5947AE6264553 /* XCLocalSwiftPackageReference "Core" */,
				A72E08BD5979F279C2F1DE77F02A930A /* XCRemoteSwiftPackageReference "Sparkle" */,
			);
			preferredProjectObjectVersion = 77;
			productRefGroup = 0A03C60FC0E26512B9583EE3E107513C /* Products */;
			projectDirPath = "";
			projectRoot = "";
			targets = (
				3686D2FA445CA7B2FD82A156A3ADBF75 /* LidPilot */,
				44CB0E2D54099AF87389027D31B5CA04 /* LidPilotHelper */,
			);
		};
/* End PBXProject section */

/* Begin PBXResourcesBuildPhase section */
		040BA48D56417455307B262DA5D4BC6F /* Resources */ = {
			isa = PBXResourcesBuildPhase;
			buildActionMask = 2147483647;
			files = (
				A5261C5F16AFF72E1C6B4E56B67DCFC1 /* Assets.xcassets in Resources */,
				EE692B39CB2A3CA19D71D4BE10FE3431 /* LICENSE in Resources */,
				88B4BA3E9AA852852C595AA73D1E4D0C /* THIRD_PARTY_NOTICES.md in Resources */,
			);
			runOnlyForDeploymentPostprocessing = 0;
		};
		1053EB05724FAF5A11CB029980946EBC /* Resources */ = {
			isa = PBXResourcesBuildPhase;
			buildActionMask = 2147483647;
			files = (
			);
			runOnlyForDeploymentPostprocessing = 0;
		};
/* End PBXResourcesBuildPhase section */

/* Begin PBXSourcesBuildPhase section */
		58C8097351EC27F1230B3B3BAB0A1BE9 /* Sources */ = {
			isa = PBXSourcesBuildPhase;
			buildActionMask = 2147483647;
			files = (
				9E359B8B97C2E85F85781A8E8629FC29 /* AppModel.swift in Sources */,
				03B89D761F44173A5A8BF079A8E8C752 /* DiagnosticsStore.swift in Sources */,
				65F7494802A98F5F377608E5087DA370 /* HelperManager.swift in Sources */,
				FCAFFAE36C9A8EEE33F7CF6E9E5F5735 /* LidPilotApp.swift in Sources */,
				9A545C3C92156A151F6BBB88958FF7BC /* PilotPanel.swift in Sources */,
				10858BE635964D0E4E1ECF9F70ED0E79 /* PreviewHarness.swift in Sources */,
				85A6DD675CCBD90074996121C2BE7D69 /* SettingsView.swift in Sources */,
				E80F543152ED58E3AAC0F9E3B138FF28 /* StateObserver.swift in Sources */,
				4A75B811CB5ACFCF41961DF5C4B15370 /* UpdateCoordinator.swift in Sources */,
				A357A3C719B3735D5F484C94733BBA19 /* WelcomeView.swift in Sources */,
			);
			runOnlyForDeploymentPostprocessing = 0;
		};
		A90502F175E33A473323300265B51628 /* Sources */ = {
			isa = PBXSourcesBuildPhase;
			buildActionMask = 2147483647;
			files = (
				48164FE976C54372B37B4B7CD5083A6B /* main.swift in Sources */,
			);
			runOnlyForDeploymentPostprocessing = 0;
		};
/* End PBXSourcesBuildPhase section */

/* Begin PBXTargetDependency section */
		FD59791B103B8BA8FC60597B676B9F53 /* PBXTargetDependency */ = {
			isa = PBXTargetDependency;
			name = LidPilotHelper;
			target = 44CB0E2D54099AF87389027D31B5CA04 /* LidPilotHelper */;
			targetProxy = E3EB5338A6851FD7B68632E241E1BC90 /* PBXContainerItemProxy */;
		};
/* End PBXTargetDependency section */

/* Begin XCBuildConfiguration section */
		17BE64D4C83BFA021950873CC0D628D7 /* Debug */ = {
			isa = XCBuildConfiguration;
			buildSettings = {
				ARCHS = arm64;
				CLANG_ENABLE_MODULES = YES;
				CODE_SIGN_ENTITLEMENTS = "";
				CODE_SIGN_IDENTITY = "-";
				CODE_SIGN_INJECT_BASE_ENTITLEMENTS = NO;
				CODE_SIGN_STYLE = Manual;
				CREATE_INFOPLIST_SECTION_IN_BINARY = YES;
				CURRENT_PROJECT_VERSION = "$(inherited)";
				ENABLE_APP_SANDBOX = NO;
				ENABLE_HARDENED_RUNTIME = YES;
				GCC_C_LANGUAGE_STANDARD = gnu17;
				GENERATE_INFOPLIST_FILE = NO;
				INFOPLIST_FILE = "Config/Helper-Info.plist";
				INSTALL_PATH = "$(CONTENTS_FOLDER_PATH)";
				LD_RUNPATH_SEARCH_PATHS = "$(inherited) @executable_path/../Frameworks";
				MACH_O_TYPE = mh_execute;
				MACOSX_DEPLOYMENT_TARGET = 15.0;
				ONLY_ACTIVE_ARCH = YES;
				PRODUCT_BUNDLE_IDENTIFIER = com.lidpilot.app.helper;
				PRODUCT_NAME = LidPilotHelper;
				SDKROOT = macosx;
				SKIP_INSTALL = YES;
				SWIFT_STRICT_CONCURRENCY = complete;
				SWIFT_VERSION = 6.0;
				VERSIONING_SYSTEM = "apple-generic";
			};
			name = Debug;
		};
		260D161D8C5EC99E4679E5799E901153 /* Release */ = {
			isa = XCBuildConfiguration;
			buildSettings = {
				ARCHS = arm64;
				ASSETCATALOG_COMPILER_APPICON_NAME = AppIcon;
				ASSETCATALOG_COMPILER_GLOBAL_ACCENT_COLOR_NAME = AccentColor;
				CLANG_ENABLE_MODULES = YES;
				CODE_SIGN_ENTITLEMENTS = "";
				CODE_SIGN_IDENTITY = "Developer ID Application";
				CODE_SIGN_INJECT_BASE_ENTITLEMENTS = NO;
				CODE_SIGN_STYLE = Manual;
				COMBINE_HIDPI_IMAGES = YES;
				CURRENT_PROJECT_VERSION = "$(inherited)";
				ENABLE_APP_SANDBOX = NO;
				ENABLE_HARDENED_RUNTIME = YES;
				GCC_C_LANGUAGE_STANDARD = gnu17;
				GENERATE_INFOPLIST_FILE = NO;
				INFOPLIST_FILE = "Config/App-Info.plist";
				INSTALL_PATH = "$(LOCAL_APPS_DIR)";
				LD_RUNPATH_SEARCH_PATHS = "$(inherited) @executable_path/../Frameworks";
				MACOSX_DEPLOYMENT_TARGET = 15.0;
				ONLY_ACTIVE_ARCH = NO;
				PRODUCT_BUNDLE_IDENTIFIER = com.lidpilot.app;
				PRODUCT_NAME = LidPilot;
				SDKROOT = macosx;
				SKIP_INSTALL = NO;
				SWIFT_STRICT_CONCURRENCY = complete;
				SWIFT_VERSION = 6.0;
				VERSIONING_SYSTEM = "apple-generic";
			};
			name = Release;
		};
		58CBE6C0B75E58D0134D5B74ECB6EE12 /* Debug */ = {
			isa = XCBuildConfiguration;
			baseConfigurationReference = 903D869E4E5535637963BB07C7DCA36B /* Version.xcconfig */;
			buildSettings = {
				ALWAYS_SEARCH_USER_PATHS = NO;
				CLANG_ANALYZER_NONNULL = YES;
				CLANG_ANALYZER_NUMBER_OBJECT_CONVERSION = YES_AGGRESSIVE;
				CLANG_CXX_LANGUAGE_STANDARD = "gnu++14";
				CLANG_CXX_LIBRARY = "libc++";
				CLANG_ENABLE_MODULES = YES;
				CLANG_ENABLE_OBJC_ARC = YES;
				CLANG_ENABLE_OBJC_WEAK = YES;
				CLANG_WARN_BLOCK_CAPTURE_AUTORELEASING = YES;
				CLANG_WARN_BOOL_CONVERSION = YES;
				CLANG_WARN_COMMA = YES;
				CLANG_WARN_CONSTANT_CONVERSION = YES;
				CLANG_WARN_DEPRECATED_OBJC_IMPLEMENTATIONS = YES;
				CLANG_WARN_DIRECT_OBJC_ISA_USAGE = YES_ERROR;
				CLANG_WARN_DOCUMENTATION_COMMENTS = YES;
				CLANG_WARN_EMPTY_BODY = YES;
				CLANG_WARN_ENUM_CONVERSION = YES;
				CLANG_WARN_INFINITE_RECURSION = YES;
				CLANG_WARN_INT_CONVERSION = YES;
				CLANG_WARN_NON_LITERAL_NULL_CONVERSION = YES;
				CLANG_WARN_OBJC_IMPLICIT_RETAIN_SELF = YES;
				CLANG_WARN_OBJC_LITERAL_CONVERSION = YES;
				CLANG_WARN_OBJC_ROOT_CLASS = YES_ERROR;
				CLANG_WARN_QUOTED_INCLUDE_IN_FRAMEWORK_HEADER = YES;
				CLANG_WARN_RANGE_LOOP_ANALYSIS = YES;
				CLANG_WARN_STRICT_PROTOTYPES = YES;
				CLANG_WARN_SUSPICIOUS_MOVE = YES;
				CLANG_WARN_UNGUARDED_AVAILABILITY = YES_AGGRESSIVE;
				CLANG_WARN_UNREACHABLE_CODE = YES;
				CLANG_WARN__DUPLICATE_METHOD_MATCH = YES;
				COPY_PHASE_STRIP = NO;
				DEBUG_INFORMATION_FORMAT = dwarf;
				ENABLE_STRICT_OBJC_MSGSEND = YES;
				ENABLE_TESTABILITY = YES;
				GCC_C_LANGUAGE_STANDARD = gnu11;
				GCC_DYNAMIC_NO_PIC = NO;
				GCC_NO_COMMON_BLOCKS = YES;
				GCC_OPTIMIZATION_LEVEL = 0;
				GCC_PREPROCESSOR_DEFINITIONS = (
					"DEBUG=1",
					"$(inherited)",
				);
				GCC_WARN_64_TO_32_BIT_CONVERSION = YES;
				GCC_WARN_ABOUT_RETURN_TYPE = YES_ERROR;
				GCC_WARN_UNDECLARED_SELECTOR = YES;
				GCC_WARN_UNINITIALIZED_AUTOS = YES_AGGRESSIVE;
				GCC_WARN_UNUSED_FUNCTION = YES;
				GCC_WARN_UNUSED_VARIABLE = YES;
				MTL_ENABLE_DEBUG_INFO = INCLUDE_SOURCE;
				MTL_FAST_MATH = YES;
				ONLY_ACTIVE_ARCH = YES;
				PRODUCT_NAME = "$(TARGET_NAME)";
				SWIFT_ACTIVE_COMPILATION_CONDITIONS = DEBUG;
				SWIFT_OPTIMIZATION_LEVEL = "-Onone";
				SWIFT_VERSION = 5.0;
			};
			name = Debug;
		};
		8C8A090AE9BBF8B9BF5FCA73CC6EE7C9 /* Debug */ = {
			isa = XCBuildConfiguration;
			buildSettings = {
				ARCHS = arm64;
				ASSETCATALOG_COMPILER_APPICON_NAME = AppIcon;
				ASSETCATALOG_COMPILER_GLOBAL_ACCENT_COLOR_NAME = AccentColor;
				CLANG_ENABLE_MODULES = YES;
				CODE_SIGN_ENTITLEMENTS = "";
				CODE_SIGN_IDENTITY = "-";
				CODE_SIGN_INJECT_BASE_ENTITLEMENTS = NO;
				CODE_SIGN_STYLE = Manual;
				COMBINE_HIDPI_IMAGES = YES;
				CURRENT_PROJECT_VERSION = "$(inherited)";
				ENABLE_APP_SANDBOX = NO;
				ENABLE_HARDENED_RUNTIME = YES;
				GCC_C_LANGUAGE_STANDARD = gnu17;
				GENERATE_INFOPLIST_FILE = NO;
				INFOPLIST_FILE = "Config/App-Info.plist";
				INSTALL_PATH = "$(LOCAL_APPS_DIR)";
				LD_RUNPATH_SEARCH_PATHS = "$(inherited) @executable_path/../Frameworks";
				MACOSX_DEPLOYMENT_TARGET = 15.0;
				ONLY_ACTIVE_ARCH = YES;
				PRODUCT_BUNDLE_IDENTIFIER = com.lidpilot.app;
				PRODUCT_NAME = LidPilot;
				SDKROOT = macosx;
				SKIP_INSTALL = NO;
				SWIFT_STRICT_CONCURRENCY = complete;
				SWIFT_VERSION = 6.0;
				VERSIONING_SYSTEM = "apple-generic";
			};
			name = Debug;
		};
		9D2CC0FFABB81C16B6B597469B4DF50D /* Release */ = {
			isa = XCBuildConfiguration;
			buildSettings = {
				ARCHS = arm64;
				CLANG_ENABLE_MODULES = YES;
				CODE_SIGN_ENTITLEMENTS = "";
				CODE_SIGN_IDENTITY = "Developer ID Application";
				CODE_SIGN_INJECT_BASE_ENTITLEMENTS = NO;
				CODE_SIGN_STYLE = Manual;
				CREATE_INFOPLIST_SECTION_IN_BINARY = YES;
				CURRENT_PROJECT_VERSION = "$(inherited)";
				ENABLE_APP_SANDBOX = NO;
				ENABLE_HARDENED_RUNTIME = YES;
				GCC_C_LANGUAGE_STANDARD = gnu17;
				GENERATE_INFOPLIST_FILE = NO;
				INFOPLIST_FILE = "Config/Helper-Info.plist";
				INSTALL_PATH = "$(CONTENTS_FOLDER_PATH)";
				LD_RUNPATH_SEARCH_PATHS = "$(inherited) @executable_path/../Frameworks";
				MACH_O_TYPE = mh_execute;
				MACOSX_DEPLOYMENT_TARGET = 15.0;
				ONLY_ACTIVE_ARCH = NO;
				PRODUCT_BUNDLE_IDENTIFIER = com.lidpilot.app.helper;
				PRODUCT_NAME = LidPilotHelper;
				SDKROOT = macosx;
				SKIP_INSTALL = YES;
				SWIFT_STRICT_CONCURRENCY = complete;
				SWIFT_VERSION = 6.0;
				VERSIONING_SYSTEM = "apple-generic";
			};
			name = Release;
		};
		E8F4866ED30CBA9B9F590CDA11E3E90F /* Release */ = {
			isa = XCBuildConfiguration;
			baseConfigurationReference = 903D869E4E5535637963BB07C7DCA36B /* Version.xcconfig */;
			buildSettings = {
				ALWAYS_SEARCH_USER_PATHS = NO;
				CLANG_ANALYZER_NONNULL = YES;
				CLANG_ANALYZER_NUMBER_OBJECT_CONVERSION = YES_AGGRESSIVE;
				CLANG_CXX_LANGUAGE_STANDARD = "gnu++14";
				CLANG_CXX_LIBRARY = "libc++";
				CLANG_ENABLE_MODULES = YES;
				CLANG_ENABLE_OBJC_ARC = YES;
				CLANG_ENABLE_OBJC_WEAK = YES;
				CLANG_WARN_BLOCK_CAPTURE_AUTORELEASING = YES;
				CLANG_WARN_BOOL_CONVERSION = YES;
				CLANG_WARN_COMMA = YES;
				CLANG_WARN_CONSTANT_CONVERSION = YES;
				CLANG_WARN_DEPRECATED_OBJC_IMPLEMENTATIONS = YES;
				CLANG_WARN_DIRECT_OBJC_ISA_USAGE = YES_ERROR;
				CLANG_WARN_DOCUMENTATION_COMMENTS = YES;
				CLANG_WARN_EMPTY_BODY = YES;
				CLANG_WARN_ENUM_CONVERSION = YES;
				CLANG_WARN_INFINITE_RECURSION = YES;
				CLANG_WARN_INT_CONVERSION = YES;
				CLANG_WARN_NON_LITERAL_NULL_CONVERSION = YES;
				CLANG_WARN_OBJC_IMPLICIT_RETAIN_SELF = YES;
				CLANG_WARN_OBJC_LITERAL_CONVERSION = YES;
				CLANG_WARN_OBJC_ROOT_CLASS = YES_ERROR;
				CLANG_WARN_QUOTED_INCLUDE_IN_FRAMEWORK_HEADER = YES;
				CLANG_WARN_RANGE_LOOP_ANALYSIS = YES;
				CLANG_WARN_STRICT_PROTOTYPES = YES;
				CLANG_WARN_SUSPICIOUS_MOVE = YES;
				CLANG_WARN_UNGUARDED_AVAILABILITY = YES_AGGRESSIVE;
				CLANG_WARN_UNREACHABLE_CODE = YES;
				CLANG_WARN__DUPLICATE_METHOD_MATCH = YES;
				COPY_PHASE_STRIP = NO;
				DEBUG_INFORMATION_FORMAT = "dwarf-with-dsym";
				ENABLE_NS_ASSERTIONS = NO;
				ENABLE_STRICT_OBJC_MSGSEND = YES;
				GCC_C_LANGUAGE_STANDARD = gnu11;
				GCC_NO_COMMON_BLOCKS = YES;
				GCC_WARN_64_TO_32_BIT_CONVERSION = YES;
				GCC_WARN_ABOUT_RETURN_TYPE = YES_ERROR;
				GCC_WARN_UNDECLARED_SELECTOR = YES;
				GCC_WARN_UNINITIALIZED_AUTOS = YES_AGGRESSIVE;
				GCC_WARN_UNUSED_FUNCTION = YES;
				GCC_WARN_UNUSED_VARIABLE = YES;
				MTL_ENABLE_DEBUG_INFO = NO;
				MTL_FAST_MATH = YES;
				PRODUCT_NAME = "$(TARGET_NAME)";
				SWIFT_COMPILATION_MODE = wholemodule;
				SWIFT_OPTIMIZATION_LEVEL = "-O";
				SWIFT_VERSION = 5.0;
			};
			name = Release;
		};
/* End XCBuildConfiguration section */

/* Begin XCConfigurationList section */
		A10E772ECF1D3B0704A2EA7A93052F57 /* Build configuration list for PBXProject "LidPilot" */ = {
			isa = XCConfigurationList;
			buildConfigurations = (
				58CBE6C0B75E58D0134D5B74ECB6EE12 /* Debug */,
				E8F4866ED30CBA9B9F590CDA11E3E90F /* Release */,
			);
			defaultConfigurationIsVisible = 0;
			defaultConfigurationName = Release;
		};
		A4833CBB9678975C695D16F2DAE94BFE /* Build configuration list for PBXNativeTarget "LidPilot" */ = {
			isa = XCConfigurationList;
			buildConfigurations = (
				260D161D8C5EC99E4679E5799E901153 /* Release */,
				8C8A090AE9BBF8B9BF5FCA73CC6EE7C9 /* Debug */,
			);
			defaultConfigurationIsVisible = 0;
			defaultConfigurationName = Release;
		};
		FC86A0C646D1433446492508E4EC23AC /* Build configuration list for PBXNativeTarget "LidPilotHelper" */ = {
			isa = XCConfigurationList;
			buildConfigurations = (
				9D2CC0FFABB81C16B6B597469B4DF50D /* Release */,
				17BE64D4C83BFA021950873CC0D628D7 /* Debug */,
			);
			defaultConfigurationIsVisible = 0;
			defaultConfigurationName = Release;
		};
/* End XCConfigurationList section */

/* Begin XCLocalSwiftPackageReference section */
		6E7FBB96751ED0A20BD5947AE6264553 /* XCLocalSwiftPackageReference "Core" */ = {
			isa = XCLocalSwiftPackageReference;
			relativePath = Core;
		};
		898E021E43D4EC0A761F8EAF97B80805 /* XCLocalSwiftPackageReference "." */ = {
			isa = XCLocalSwiftPackageReference;
			relativePath = .;
		};
/* End XCLocalSwiftPackageReference section */

/* Begin XCRemoteSwiftPackageReference section */
		A72E08BD5979F279C2F1DE77F02A930A /* XCRemoteSwiftPackageReference "Sparkle" */ = {
			isa = XCRemoteSwiftPackageReference;
			repositoryURL = "https://github.com/sparkle-project/Sparkle";
			requirement = {
				kind = exactVersion;
				version = 2.10.0;
			};
		};
/* End XCRemoteSwiftPackageReference section */

/* Begin XCSwiftPackageProductDependency section */
		A97FBA797376B4658DD96BF62C35B7FE /* Sparkle */ = {
			isa = XCSwiftPackageProductDependency;
			package = A72E08BD5979F279C2F1DE77F02A930A /* XCRemoteSwiftPackageReference "Sparkle" */;
			productName = Sparkle;
		};
		BDEDD0A552E7F683FD91208F9AF20ADC /* LidPilotRuntime */ = {
			isa = XCSwiftPackageProductDependency;
			package = 898E021E43D4EC0A761F8EAF97B80805 /* XCLocalSwiftPackageReference "." */;
			productName = LidPilotRuntime;
		};
		BE2EE23B41BD42F8A04203A7440EE5FD /* LidPilotCore */ = {
			isa = XCSwiftPackageProductDependency;
			package = 6E7FBB96751ED0A20BD5947AE6264553 /* XCLocalSwiftPackageReference "Core" */;
			productName = LidPilotCore;
		};
		CEB9A52A9DE9E5980A2EA8FD191E049C /* LidPilotCore */ = {
			isa = XCSwiftPackageProductDependency;
			package = 6E7FBB96751ED0A20BD5947AE6264553 /* XCLocalSwiftPackageReference "Core" */;
			productName = LidPilotCore;
		};
		D331368E030DE86BF76B873B8D46E6BE /* LidPilotRuntime */ = {
			isa = XCSwiftPackageProductDependency;
			package = 898E021E43D4EC0A761F8EAF97B80805 /* XCLocalSwiftPackageReference "." */;
			productName = LidPilotRuntime;
		};
/* End XCSwiftPackageProductDependency section */
	};
	rootObject = 7E35FAB48B0F003348B9A6997BC3F935 /* Project object */;
}
