// !$*UTF8*$!
{
	archiveVersion = 1;
	classes = {
	};
	objectVersion = 46;
	objects = {

/* Begin PBXBuildFile section */
		1957400DA52F128AFF94B1E9A87411DF /* LidPilotHelper in Embed LidPilotHelper */ = {isa = PBXBuildFile; fileRef = E34BBCA77B1FF1F8EBB167FA26CA08FD /* LidPilotHelper */; settings = {ATTRIBUTES = (CodeSignOnCopy, ); }; };
		1E9C72062F6528A60D7ED6484E1B6C4F /* LidPilotRuntime in Frameworks */ = {isa = PBXBuildFile; productRef = 4E0A1276786028F89EFC056DD08A7196 /* LidPilotRuntime */; };
		25D96BEE6BD090BCAF9BDB5AA9771E1F /* HelperManager.swift in Sources */ = {isa = PBXBuildFile; fileRef = 7B5C15A84A86CCC74EC6B0BA1C56A3FB /* HelperManager.swift */; };
		2F6DA1205E0EF62BF8F9FB6B35BF9B03 /* LICENSE in Resources */ = {isa = PBXBuildFile; fileRef = 13F0F8D73796683FD58495963E905DC8 /* LICENSE */; };
		376A7993534ADF3CAFF332508083FE42 /* LidPilotCore in Frameworks */ = {isa = PBXBuildFile; productRef = A9039249DF6F34AA43572EE84B380D97 /* LidPilotCore */; };
		3A944F9CB97C5D6F75561487B068DA45 /* AppModel.swift in Sources */ = {isa = PBXBuildFile; fileRef = E2F69F9CDDCCCD4D3C891C92EDAB0A7E /* AppModel.swift */; };
		45DA10E928ADADAB0B0CF6AB59BA0DE9 /* DiagnosticsStore.swift in Sources */ = {isa = PBXBuildFile; fileRef = 64BCC2B63F3C8EEB3890AAA5FFF5EA25 /* DiagnosticsStore.swift */; };
		4B00616BE9B72FB91916A32E6FFC608E /* StateObserver.swift in Sources */ = {isa = PBXBuildFile; fileRef = 4C137F18A18822F29FC235A07676AA12 /* StateObserver.swift */; };
		4DCDC470998060BDC1E950B5A0FD2E10 /* Assets.xcassets in Resources */ = {isa = PBXBuildFile; fileRef = 16537F856E6E4DEAD23EBDFD03B1D97E /* Assets.xcassets */; };
		4E0FC268DC5DD417F368E0BC06E52CCC /* LidPilotCore in Frameworks */ = {isa = PBXBuildFile; productRef = 3EBD6916D81A0B9344DC25417B708CB8 /* LidPilotCore */; };
		5438D8E5FB86566C47B3F49B893C995F /* main.swift in Sources */ = {isa = PBXBuildFile; fileRef = D6AE1BDB3CEE245724DE7768ECCF5C22 /* main.swift */; };
		58145B6E4856F1E9F03027329AF52641 /* PreviewHarness.swift in Sources */ = {isa = PBXBuildFile; fileRef = 7D473C0E73556BEFE338377A8529D078 /* PreviewHarness.swift */; };
		63380978090156724F50142E01A9C821 /* UpdateCoordinator.swift in Sources */ = {isa = PBXBuildFile; fileRef = B10474556CD70BD6A593DE4267146336 /* UpdateCoordinator.swift */; };
		6377D7957DF5882BDE2588278ADE735E /* LidPilotRuntime in Frameworks */ = {isa = PBXBuildFile; productRef = A012268BA173E0F195BF03EAE9E3C2C5 /* LidPilotRuntime */; };
		69FE62435BF6B580FBB34DA2A475818B /* Cocoa.framework in Frameworks */ = {isa = PBXBuildFile; fileRef = 3312D05CDCB3EC18642AE0A13A0EBCF4 /* Cocoa.framework */; };
		6F2F9C4C2A025C1B44B89EC2D385A987 /* SettingsView.swift in Sources */ = {isa = PBXBuildFile; fileRef = 695D195D5D525F4DB366B6947EAF068C /* SettingsView.swift */; };
		7915B1611CD2FD622A747F448FC3D1DE /* Sparkle in Frameworks */ = {isa = PBXBuildFile; productRef = 7C767075C0C8A419EA1FDC2255CF9BB3 /* Sparkle */; };
		7B6DF1DDD7D2E21719A7973F4D4D0A25 /* UpdateCoordinatorTests.swift in Sources */ = {isa = PBXBuildFile; fileRef = EC9A1A945AD4DA839ECB1C5D4F7C6BD6 /* UpdateCoordinatorTests.swift */; };
		80354C7B42590DC93CC2C0FB69645775 /* THIRD_PARTY_NOTICES.md in Resources */ = {isa = PBXBuildFile; fileRef = C5C171D0CE857EC169C86906C50199EE /* THIRD_PARTY_NOTICES.md */; };
		81DDF6374F0AD89B2583B7BEEADCCA14 /* Cocoa.framework in Frameworks */ = {isa = PBXBuildFile; fileRef = 3312D05CDCB3EC18642AE0A13A0EBCF4 /* Cocoa.framework */; };
		8BBB39498E936E8F8D0790AD136CBDF1 /* StateObserver.swift in Sources */ = {isa = PBXBuildFile; fileRef = 4C137F18A18822F29FC235A07676AA12 /* StateObserver.swift */; };
		97316B8A8265EB5E13F1E24935BCFC14 /* Sparkle in Frameworks */ = {isa = PBXBuildFile; productRef = 86A62831FEC2BB3487683DC0221D9BE2 /* Sparkle */; };
		98EFC7FC708246331F99AA839B9BD95C /* Cocoa.framework in Frameworks */ = {isa = PBXBuildFile; fileRef = 3312D05CDCB3EC18642AE0A13A0EBCF4 /* Cocoa.framework */; };
		9EAA18F71B1A93C566BFC1C45CF03604 /* LidPilotApp.swift in Sources */ = {isa = PBXBuildFile; fileRef = 1812A3ABF7D49E5CAD125E81D80C34B6 /* LidPilotApp.swift */; };
		B2227A6336DB2D6D4481CFEAAB01C6E0 /* LidPilotCore in Frameworks */ = {isa = PBXBuildFile; productRef = 867E1F4A63C8EE9AB6A3070B571492A8 /* LidPilotCore */; };
		BE272D6B2F440EDAF130E202617773BD /* WelcomeView.swift in Sources */ = {isa = PBXBuildFile; fileRef = 09E9A6FDE13CF44918CBA0DE0961276B /* WelcomeView.swift */; };
		BF9EFB51760B061991DDDF0A574810BD /* AppModel.swift in Sources */ = {isa = PBXBuildFile; fileRef = E2F69F9CDDCCCD4D3C891C92EDAB0A7E /* AppModel.swift */; };
		C299E9F1D1BDAAF00BE7F1208F27FB2E /* PilotPanel.swift in Sources */ = {isa = PBXBuildFile; fileRef = 183E87B492785732A89AF28E53B4E65D /* PilotPanel.swift */; };
		C7C7F864B72AF65953985E10541E67E4 /* LidPilotRuntime in Frameworks */ = {isa = PBXBuildFile; productRef = 108A5A9EE95C987722A2D8D301EA5C02 /* LidPilotRuntime */; };
		D80D2005B53D0DDADE77DE3EA606D2BA /* UpdateCoordinator.swift in Sources */ = {isa = PBXBuildFile; fileRef = B10474556CD70BD6A593DE4267146336 /* UpdateCoordinator.swift */; };
		DD91410C098DA2F57364FB4B3B87D5A3 /* HelperManager.swift in Sources */ = {isa = PBXBuildFile; fileRef = 7B5C15A84A86CCC74EC6B0BA1C56A3FB /* HelperManager.swift */; };
		F65BAF8430764267412A0060649AC603 /* DiagnosticsStore.swift in Sources */ = {isa = PBXBuildFile; fileRef = 64BCC2B63F3C8EEB3890AAA5FFF5EA25 /* DiagnosticsStore.swift */; };
/* End PBXBuildFile section */

/* Begin PBXContainerItemProxy section */
		2EE0C9CB34EE71113382456E920C648F /* PBXContainerItemProxy */ = {
			isa = PBXContainerItemProxy;
			containerPortal = 7E35FAB48B0F003348B9A6997BC3F935 /* Project object */;
			proxyType = 1;
			remoteGlobalIDString = 72077D9073496C62341494F0E41829D3;
			remoteInfo = LidPilotHelper;
		};
/* End PBXContainerItemProxy section */

/* Begin PBXCopyFilesBuildPhase section */
		64891C46201CD454906BAF127C600570 /* Embed LidPilotHelper */ = {
			isa = PBXCopyFilesBuildPhase;
			buildActionMask = 2147483647;
			dstPath = Contents/Library/HelperTools;
			dstSubfolderSpec = 1;
			files = (
				1957400DA52F128AFF94B1E9A87411DF /* LidPilotHelper in Embed LidPilotHelper */,
			);
			name = "Embed LidPilotHelper";
			runOnlyForDeploymentPostprocessing = 0;
		};
/* End PBXCopyFilesBuildPhase section */

/* Begin PBXFileReference section */
		09E9A6FDE13CF44918CBA0DE0961276B /* WelcomeView.swift */ = {isa = PBXFileReference; includeInIndex = 1; lastKnownFileType = sourcecode.swift; name = WelcomeView.swift; path = App/WelcomeView.swift; sourceTree = "<group>"; };
		13F0F8D73796683FD58495963E905DC8 /* LICENSE */ = {isa = PBXFileReference; includeInIndex = 1; path = LICENSE; sourceTree = "<group>"; };
		16537F856E6E4DEAD23EBDFD03B1D97E /* Assets.xcassets */ = {isa = PBXFileReference; includeInIndex = 1; lastKnownFileType = folder.assetcatalog; name = Assets.xcassets; path = App/Assets.xcassets; sourceTree = "<group>"; };
		1812A3ABF7D49E5CAD125E81D80C34B6 /* LidPilotApp.swift */ = {isa = PBXFileReference; includeInIndex = 1; lastKnownFileType = sourcecode.swift; name = LidPilotApp.swift; path = App/LidPilotApp.swift; sourceTree = "<group>"; };
		183E87B492785732A89AF28E53B4E65D /* PilotPanel.swift */ = {isa = PBXFileReference; includeInIndex = 1; lastKnownFileType = sourcecode.swift; name = PilotPanel.swift; path = App/PilotPanel.swift; sourceTree = "<group>"; };
		3312D05CDCB3EC18642AE0A13A0EBCF4 /* Cocoa.framework */ = {isa = PBXFileReference; lastKnownFileType = wrapper.framework; name = Cocoa.framework; path = Platforms/MacOSX.platform/Developer/SDKs/MacOSX15.0.sdk/System/Library/Frameworks/Cocoa.framework; sourceTree = DEVELOPER_DIR; };
		4C137F18A18822F29FC235A07676AA12 /* StateObserver.swift */ = {isa = PBXFileReference; includeInIndex = 1; lastKnownFileType = sourcecode.swift; name = StateObserver.swift; path = App/StateObserver.swift; sourceTree = "<group>"; };
		4E0649C43CE788781890699CC971932E /* LidPilotAppTests.xctest */ = {isa = PBXFileReference; explicitFileType = wrapper.cfbundle; includeInIndex = 0; name = LidPilotAppTests.xctest; path = LidPilotAppTests.xctest; sourceTree = BUILT_PRODUCTS_DIR; };
		51CA11A1B500E15A115AD48237B27E18 /* com.lidpilot.app.helper.plist */ = {isa = PBXFileReference; includeInIndex = 1; lastKnownFileType = text.plist.xml; name = com.lidpilot.app.helper.plist; path = Config/LaunchDaemons/com.lidpilot.app.helper.plist; sourceTree = "<group>"; };
		57851A22BB7279CC6083A865FAB23D94 /* LidPilot.app */ = {isa = PBXFileReference; explicitFileType = wrapper.application; includeInIndex = 0; name = LidPilot.app; path = LidPilot.app; sourceTree = BUILT_PRODUCTS_DIR; };
		64BCC2B63F3C8EEB3890AAA5FFF5EA25 /* DiagnosticsStore.swift */ = {isa = PBXFileReference; includeInIndex = 1; lastKnownFileType = sourcecode.swift; name = DiagnosticsStore.swift; path = App/DiagnosticsStore.swift; sourceTree = "<group>"; };
		695D195D5D525F4DB366B6947EAF068C /* SettingsView.swift */ = {isa = PBXFileReference; includeInIndex = 1; lastKnownFileType = sourcecode.swift; name = SettingsView.swift; path = App/SettingsView.swift; sourceTree = "<group>"; };
		7B5C15A84A86CCC74EC6B0BA1C56A3FB /* HelperManager.swift */ = {isa = PBXFileReference; includeInIndex = 1; lastKnownFileType = sourcecode.swift; name = HelperManager.swift; path = App/HelperManager.swift; sourceTree = "<group>"; };
		7D473C0E73556BEFE338377A8529D078 /* PreviewHarness.swift */ = {isa = PBXFileReference; includeInIndex = 1; lastKnownFileType = sourcecode.swift; name = PreviewHarness.swift; path = App/PreviewHarness.swift; sourceTree = "<group>"; };
		903D869E4E5535637963BB07C7DCA36B /* Version.xcconfig */ = {isa = PBXFileReference; includeInIndex = 1; lastKnownFileType = text.xcconfig; path = Version.xcconfig; sourceTree = "<group>"; };
		9A4F9B02E3278110737E1002056860A2 /* com.lidpilot.app.dev.helper.plist */ = {isa = PBXFileReference; includeInIndex = 1; lastKnownFileType = text.plist.xml; name = com.lidpilot.app.dev.helper.plist; path = Config/LaunchDaemons/com.lidpilot.app.dev.helper.plist; sourceTree = "<group>"; };
		B10474556CD70BD6A593DE4267146336 /* UpdateCoordinator.swift */ = {isa = PBXFileReference; includeInIndex = 1; lastKnownFileType = sourcecode.swift; name = UpdateCoordinator.swift; path = App/UpdateCoordinator.swift; sourceTree = "<group>"; };
		C5C171D0CE857EC169C86906C50199EE /* THIRD_PARTY_NOTICES.md */ = {isa = PBXFileReference; includeInIndex = 1; path = THIRD_PARTY_NOTICES.md; sourceTree = "<group>"; };
		D6AE1BDB3CEE245724DE7768ECCF5C22 /* main.swift */ = {isa = PBXFileReference; includeInIndex = 1; lastKnownFileType = sourcecode.swift; name = main.swift; path = Helper/main.swift; sourceTree = "<group>"; };
		E2F69F9CDDCCCD4D3C891C92EDAB0A7E /* AppModel.swift */ = {isa = PBXFileReference; includeInIndex = 1; lastKnownFileType = sourcecode.swift; name = AppModel.swift; path = App/AppModel.swift; sourceTree = "<group>"; };
		E34BBCA77B1FF1F8EBB167FA26CA08FD /* LidPilotHelper */ = {isa = PBXFileReference; includeInIndex = 0; name = LidPilotHelper; path = LidPilotHelper; sourceTree = BUILT_PRODUCTS_DIR; };
		EC9A1A945AD4DA839ECB1C5D4F7C6BD6 /* UpdateCoordinatorTests.swift */ = {isa = PBXFileReference; includeInIndex = 1; lastKnownFileType = sourcecode.swift; name = UpdateCoordinatorTests.swift; path = AppTests/UpdateCoordinatorTests.swift; sourceTree = "<group>"; };
/* End PBXFileReference section */

/* Begin PBXFrameworksBuildPhase section */
		0F77C9CAEC7D9C6F23C5D1839D1B64A6 /* Frameworks */ = {
			isa = PBXFrameworksBuildPhase;
			buildActionMask = 2147483647;
			files = (
				98EFC7FC708246331F99AA839B9BD95C /* Cocoa.framework in Frameworks */,
				1E9C72062F6528A60D7ED6484E1B6C4F /* LidPilotRuntime in Frameworks */,
				4E0FC268DC5DD417F368E0BC06E52CCC /* LidPilotCore in Frameworks */,
			);
			runOnlyForDeploymentPostprocessing = 0;
		};
		27594AA15A8062E26643A2601D2EA5F0 /* Frameworks */ = {
			isa = PBXFrameworksBuildPhase;
			buildActionMask = 2147483647;
			files = (
				81DDF6374F0AD89B2583B7BEEADCCA14 /* Cocoa.framework in Frameworks */,
				6377D7957DF5882BDE2588278ADE735E /* LidPilotRuntime in Frameworks */,
				376A7993534ADF3CAFF332508083FE42 /* LidPilotCore in Frameworks */,
				97316B8A8265EB5E13F1E24935BCFC14 /* Sparkle in Frameworks */,
			);
			runOnlyForDeploymentPostprocessing = 0;
		};
		777762D7F5C0F5B412B242148117BA31 /* Frameworks */ = {
			isa = PBXFrameworksBuildPhase;
			buildActionMask = 2147483647;
			files = (
				69FE62435BF6B580FBB34DA2A475818B /* Cocoa.framework in Frameworks */,
				C7C7F864B72AF65953985E10541E67E4 /* LidPilotRuntime in Frameworks */,
				B2227A6336DB2D6D4481CFEAAB01C6E0 /* LidPilotCore in Frameworks */,
				7915B1611CD2FD622A747F448FC3D1DE /* Sparkle in Frameworks */,
			);
			runOnlyForDeploymentPostprocessing = 0;
		};
/* End PBXFrameworksBuildPhase section */

/* Begin PBXGroup section */
		004DDE3C3F331730992BBF333BDC6276 /* Helper */ = {
			isa = PBXGroup;
			children = (
				D6AE1BDB3CEE245724DE7768ECCF5C22 /* main.swift */,
			);
			name = Helper;
			sourceTree = "<group>";
		};
		2314CD72036A865C10E6F9F253F57FFA /* AppTests */ = {
			isa = PBXGroup;
			children = (
				EC9A1A945AD4DA839ECB1C5D4F7C6BD6 /* UpdateCoordinatorTests.swift */,
			);
			name = AppTests;
			sourceTree = "<group>";
		};
		49DA8F2554E0F3C22444E788CE2C526A /* Frameworks */ = {
			isa = PBXGroup;
			children = (
				D016C1E4574C4262A0B8579FC0FD5858 /* OS X */,
			);
			name = Frameworks;
			sourceTree = "<group>";
		};
		A6BA33EB933E86EE78AC46A7B75D624B = {
			isa = PBXGroup;
			children = (
				FACC0C1ED516E3A2FC45E9A37AD93DFE /* Products */,
				49DA8F2554E0F3C22444E788CE2C526A /* Frameworks */,
				903D869E4E5535637963BB07C7DCA36B /* Version.xcconfig */,
				FF4442C60F88033B5388CB13746FFE5D /* App */,
				004DDE3C3F331730992BBF333BDC6276 /* Helper */,
				2314CD72036A865C10E6F9F253F57FFA /* AppTests */,
				16537F856E6E4DEAD23EBDFD03B1D97E /* Assets.xcassets */,
				13F0F8D73796683FD58495963E905DC8 /* LICENSE */,
				C5C171D0CE857EC169C86906C50199EE /* THIRD_PARTY_NOTICES.md */,
				9A4F9B02E3278110737E1002056860A2 /* com.lidpilot.app.dev.helper.plist */,
				51CA11A1B500E15A115AD48237B27E18 /* com.lidpilot.app.helper.plist */,
			);
			sourceTree = "<group>";
		};
		D016C1E4574C4262A0B8579FC0FD5858 /* OS X */ = {
			isa = PBXGroup;
			children = (
				3312D05CDCB3EC18642AE0A13A0EBCF4 /* Cocoa.framework */,
			);
			name = "OS X";
			sourceTree = "<group>";
		};
		FACC0C1ED516E3A2FC45E9A37AD93DFE /* Products */ = {
			isa = PBXGroup;
			children = (
				57851A22BB7279CC6083A865FAB23D94 /* LidPilot.app */,
				E34BBCA77B1FF1F8EBB167FA26CA08FD /* LidPilotHelper */,
				4E0649C43CE788781890699CC971932E /* LidPilotAppTests.xctest */,
			);
			name = Products;
			sourceTree = "<group>";
		};
		FF4442C60F88033B5388CB13746FFE5D /* App */ = {
			isa = PBXGroup;
			children = (
				E2F69F9CDDCCCD4D3C891C92EDAB0A7E /* AppModel.swift */,
				64BCC2B63F3C8EEB3890AAA5FFF5EA25 /* DiagnosticsStore.swift */,
				7B5C15A84A86CCC74EC6B0BA1C56A3FB /* HelperManager.swift */,
				1812A3ABF7D49E5CAD125E81D80C34B6 /* LidPilotApp.swift */,
				183E87B492785732A89AF28E53B4E65D /* PilotPanel.swift */,
				7D473C0E73556BEFE338377A8529D078 /* PreviewHarness.swift */,
				695D195D5D525F4DB366B6947EAF068C /* SettingsView.swift */,
				4C137F18A18822F29FC235A07676AA12 /* StateObserver.swift */,
				B10474556CD70BD6A593DE4267146336 /* UpdateCoordinator.swift */,
				09E9A6FDE13CF44918CBA0DE0961276B /* WelcomeView.swift */,
			);
			name = App;
			sourceTree = "<group>";
		};
/* End PBXGroup section */

/* Begin PBXNativeTarget section */
		101367711CE79C512DC83EA1545771FD /* LidPilotAppTests */ = {
			isa = PBXNativeTarget;
			buildConfigurationList = 3D7961D7171BFFAAA069838BB33A3FC0 /* Build configuration list for PBXNativeTarget "LidPilotAppTests" */;
			buildPhases = (
				3A3452410E2093BDEF03E1057E5CB382 /* Sources */,
				27594AA15A8062E26643A2601D2EA5F0 /* Frameworks */,
				18654291747AB66A2C620CF8D8C26551 /* Resources */,
			);
			buildRules = (
			);
			dependencies = (
			);
			name = LidPilotAppTests;
			packageProductDependencies = (
				A012268BA173E0F195BF03EAE9E3C2C5 /* LidPilotRuntime */,
				A9039249DF6F34AA43572EE84B380D97 /* LidPilotCore */,
				86A62831FEC2BB3487683DC0221D9BE2 /* Sparkle */,
			);
			productName = LidPilotAppTests;
			productReference = 4E0649C43CE788781890699CC971932E /* LidPilotAppTests.xctest */;
			productType = "com.apple.product-type.bundle.unit-test";
		};
		72077D9073496C62341494F0E41829D3 /* LidPilotHelper */ = {
			isa = PBXNativeTarget;
			buildConfigurationList = D06D4B8ECA81E35FE9385D298D4121C0 /* Build configuration list for PBXNativeTarget "LidPilotHelper" */;
			buildPhases = (
				5ED46701FD8D954E1D2D2DE93B71AAC9 /* Sources */,
				0F77C9CAEC7D9C6F23C5D1839D1B64A6 /* Frameworks */,
				7C24AEA570F9D795C5B642713F5A3DD9 /* Resources */,
			);
			buildRules = (
			);
			dependencies = (
			);
			name = LidPilotHelper;
			packageProductDependencies = (
				4E0A1276786028F89EFC056DD08A7196 /* LidPilotRuntime */,
				3EBD6916D81A0B9344DC25417B708CB8 /* LidPilotCore */,
			);
			productName = LidPilotHelper;
			productReference = E34BBCA77B1FF1F8EBB167FA26CA08FD /* LidPilotHelper */;
			productType = "com.apple.product-type.tool";
		};
		8552BA7F9619A283E7F85A3E4E4299B1 /* LidPilot */ = {
			isa = PBXNativeTarget;
			buildConfigurationList = AE22009C753023FB38926229C85A4B47 /* Build configuration list for PBXNativeTarget "LidPilot" */;
			buildPhases = (
				F4D8A1741B0471030E03539D94CF7AD9 /* Sources */,
				777762D7F5C0F5B412B242148117BA31 /* Frameworks */,
				E90D6FBF5809A99FE8D3C5D912C4A709 /* Resources */,
				64891C46201CD454906BAF127C600570 /* Embed LidPilotHelper */,
				A3905DEE5FDB8022B5C6318406684A13 /* Embed Configuration LaunchDaemon */,
			);
			buildRules = (
			);
			dependencies = (
				E28851075F1CA446BA9FA946EBACEE2D /* PBXTargetDependency */,
			);
			name = LidPilot;
			packageProductDependencies = (
				108A5A9EE95C987722A2D8D301EA5C02 /* LidPilotRuntime */,
				867E1F4A63C8EE9AB6A3070B571492A8 /* LidPilotCore */,
				7C767075C0C8A419EA1FDC2255CF9BB3 /* Sparkle */,
			);
			productName = LidPilot;
			productReference = 57851A22BB7279CC6083A865FAB23D94 /* LidPilot.app */;
			productType = "com.apple.product-type.application";
		};
/* End PBXNativeTarget section */

/* Begin PBXProject section */
		7E35FAB48B0F003348B9A6997BC3F935 /* Project object */ = {
			isa = PBXProject;
			attributes = {
				LastSwiftUpdateCheck = 1600;
				LastUpgradeCheck = 2700;
			};
			buildConfigurationList = A10E772ECF1D3B0704A2EA7A93052F57 /* Build configuration list for PBXProject "LidPilot" */;
			compatibilityVersion = "Xcode 3.2";
			developmentRegion = en;
			hasScannedForEncodings = 0;
			knownRegions = (
				en,
				Base,
			);
			mainGroup = A6BA33EB933E86EE78AC46A7B75D624B;
			minimizedProjectReferenceProxies = 0;
			packageReferences = (
				8EA5BE31065355AF06DB1600D897984D /* XCLocalSwiftPackageReference "." */,
				11B045C5071B83E0B7AE52F7B100BD4A /* XCLocalSwiftPackageReference "Core" */,
				1AE884E465799F26FDE181C8A385BC11 /* XCRemoteSwiftPackageReference "Sparkle" */,
			);
			preferredProjectObjectVersion = 77;
			productRefGroup = FACC0C1ED516E3A2FC45E9A37AD93DFE /* Products */;
			projectDirPath = "";
			projectRoot = "";
			targets = (
				8552BA7F9619A283E7F85A3E4E4299B1 /* LidPilot */,
				72077D9073496C62341494F0E41829D3 /* LidPilotHelper */,
				101367711CE79C512DC83EA1545771FD /* LidPilotAppTests */,
			);
		};
/* End PBXProject section */

/* Begin PBXResourcesBuildPhase section */
		18654291747AB66A2C620CF8D8C26551 /* Resources */ = {
			isa = PBXResourcesBuildPhase;
			buildActionMask = 2147483647;
			files = (
			);
			runOnlyForDeploymentPostprocessing = 0;
		};
		7C24AEA570F9D795C5B642713F5A3DD9 /* Resources */ = {
			isa = PBXResourcesBuildPhase;
			buildActionMask = 2147483647;
			files = (
			);
			runOnlyForDeploymentPostprocessing = 0;
		};
		E90D6FBF5809A99FE8D3C5D912C4A709 /* Resources */ = {
			isa = PBXResourcesBuildPhase;
			buildActionMask = 2147483647;
			files = (
				4DCDC470998060BDC1E950B5A0FD2E10 /* Assets.xcassets in Resources */,
				2F6DA1205E0EF62BF8F9FB6B35BF9B03 /* LICENSE in Resources */,
				80354C7B42590DC93CC2C0FB69645775 /* THIRD_PARTY_NOTICES.md in Resources */,
			);
			runOnlyForDeploymentPostprocessing = 0;
		};
/* End PBXResourcesBuildPhase section */

/* Begin PBXShellScriptBuildPhase section */
		A3905DEE5FDB8022B5C6318406684A13 /* Embed Configuration LaunchDaemon */ = {
			isa = PBXShellScriptBuildPhase;
			alwaysOutOfDate = 1;
			buildActionMask = 2147483647;
			files = (
			);
			inputFileListPaths = (
			);
			inputPaths = (
				"$(SRCROOT)/Config/LaunchDaemons/com.lidpilot.app.dev.helper.plist",
				"$(SRCROOT)/Config/LaunchDaemons/com.lidpilot.app.helper.plist",
			);
			name = "Embed Configuration LaunchDaemon";
			outputFileListPaths = (
			);
			outputPaths = (
				"$(TARGET_BUILD_DIR)/$(CONTENTS_FOLDER_PATH)/Library/LaunchDaemons/$(LIDPILOT_DAEMON_PLIST_NAME)",
			);
			runOnlyForDeploymentPostprocessing = 0;
			shellPath = /bin/sh;
			shellScript = "set -eu\ncase \"${CONFIGURATION:-}\" in\n  Debug)\n    expected_app=\"com.lidpilot.app.dev\";\n    expected_helper=\"com.lidpilot.app.dev.helper\";\n    expected_plist=\"com.lidpilot.app.dev.helper.plist\";\n    source_plist=\"${SRCROOT}/Config/LaunchDaemons/com.lidpilot.app.dev.helper.plist\" ;;\n  Release)\n    expected_app=\"com.lidpilot.app\";\n    expected_helper=\"com.lidpilot.app.helper\";\n    expected_plist=\"com.lidpilot.app.helper.plist\";\n    source_plist=\"${SRCROOT}/Config/LaunchDaemons/com.lidpilot.app.helper.plist\" ;;\n  *) echo \"Unsupported LidPilot configuration: ${CONFIGURATION:-missing}\" >&2; exit 64 ;;\nesac\n\n[ \"${PRODUCT_BUNDLE_IDENTIFIER:-}\" = \"$expected_app\" ] || { echo \"App identity does not match $CONFIGURATION\" >&2; exit 1; }\n[ \"${LIDPILOT_APP_IDENTIFIER:-}\" = \"$expected_app\" ] || { echo \"Host identity does not match $CONFIGURATION\" >&2; exit 1; }\n[ \"${LIDPILOT_HELPER_IDENTIFIER:-}\" = \"$expected_helper\" ] || { echo \"Helper identity does not match $CONFIGURATION\" >&2; exit 1; }\n[ \"${LIDPILOT_DAEMON_LABEL:-}\" = \"$expected_helper\" ] || { echo \"Daemon label does not match $CONFIGURATION\" >&2; exit 1; }\n[ \"${LIDPILOT_DAEMON_PLIST_NAME:-}\" = \"$expected_plist\" ] || { echo \"Daemon plist name does not match $CONFIGURATION\" >&2; exit 1; }\n[ \"${LIDPILOT_SERVICE_IDENTIFIER:-}\" = \"$expected_helper\" ] || { echo \"XPC service identity does not match $CONFIGURATION\" >&2; exit 1; }\n\ndestination_dir=\"${TARGET_BUILD_DIR}/${CONTENTS_FOLDER_PATH}/Library/LaunchDaemons\"\ndestination=\"${destination_dir}/${expected_plist}\"\n/bin/mkdir -p \"$destination_dir\"\nfor stale_plist in \"com.lidpilot.app.dev.helper.plist\" \"com.lidpilot.app.helper.plist\"; do\n  if [ \"$stale_plist\" != \"$expected_plist\" ] && [ -e \"${destination_dir}/${stale_plist}\" ]; then\n    /bin/rm -f \"${destination_dir}/${stale_plist}\"\n  fi\ndone\n/bin/cp \"$source_plist\" \"$destination\"\n/usr/bin/plutil -lint \"$destination\" >/dev/null\nactual_label=$(/usr/libexec/PlistBuddy -c 'Print :Label' \"$destination\")\nactual_service=$(/usr/libexec/PlistBuddy -c \"Print :MachServices:$expected_helper\" \"$destination\")\n[ \"$actual_label\" = \"$expected_helper\" ] && [ \"$actual_service\" = \"true\" ] || {\n  echo \"Embedded LaunchDaemon identity does not match $CONFIGURATION\" >&2\n  exit 1\n}\n";
		};
/* End PBXShellScriptBuildPhase section */

/* Begin PBXSourcesBuildPhase section */
		3A3452410E2093BDEF03E1057E5CB382 /* Sources */ = {
			isa = PBXSourcesBuildPhase;
			buildActionMask = 2147483647;
			files = (
				D80D2005B53D0DDADE77DE3EA606D2BA /* UpdateCoordinator.swift in Sources */,
				25D96BEE6BD090BCAF9BDB5AA9771E1F /* HelperManager.swift in Sources */,
				BF9EFB51760B061991DDDF0A574810BD /* AppModel.swift in Sources */,
				45DA10E928ADADAB0B0CF6AB59BA0DE9 /* DiagnosticsStore.swift in Sources */,
				4B00616BE9B72FB91916A32E6FFC608E /* StateObserver.swift in Sources */,
				7B6DF1DDD7D2E21719A7973F4D4D0A25 /* UpdateCoordinatorTests.swift in Sources */,
			);
			runOnlyForDeploymentPostprocessing = 0;
		};
		5ED46701FD8D954E1D2D2DE93B71AAC9 /* Sources */ = {
			isa = PBXSourcesBuildPhase;
			buildActionMask = 2147483647;
			files = (
				5438D8E5FB86566C47B3F49B893C995F /* main.swift in Sources */,
			);
			runOnlyForDeploymentPostprocessing = 0;
		};
		F4D8A1741B0471030E03539D94CF7AD9 /* Sources */ = {
			isa = PBXSourcesBuildPhase;
			buildActionMask = 2147483647;
			files = (
				3A944F9CB97C5D6F75561487B068DA45 /* AppModel.swift in Sources */,
				F65BAF8430764267412A0060649AC603 /* DiagnosticsStore.swift in Sources */,
				DD91410C098DA2F57364FB4B3B87D5A3 /* HelperManager.swift in Sources */,
				9EAA18F71B1A93C566BFC1C45CF03604 /* LidPilotApp.swift in Sources */,
				C299E9F1D1BDAAF00BE7F1208F27FB2E /* PilotPanel.swift in Sources */,
				58145B6E4856F1E9F03027329AF52641 /* PreviewHarness.swift in Sources */,
				6F2F9C4C2A025C1B44B89EC2D385A987 /* SettingsView.swift in Sources */,
				8BBB39498E936E8F8D0790AD136CBDF1 /* StateObserver.swift in Sources */,
				63380978090156724F50142E01A9C821 /* UpdateCoordinator.swift in Sources */,
				BE272D6B2F440EDAF130E202617773BD /* WelcomeView.swift in Sources */,
			);
			runOnlyForDeploymentPostprocessing = 0;
		};
/* End PBXSourcesBuildPhase section */

/* Begin PBXTargetDependency section */
		E28851075F1CA446BA9FA946EBACEE2D /* PBXTargetDependency */ = {
			isa = PBXTargetDependency;
			name = LidPilotHelper;
			target = 72077D9073496C62341494F0E41829D3 /* LidPilotHelper */;
			targetProxy = 2EE0C9CB34EE71113382456E920C648F /* PBXContainerItemProxy */;
		};
/* End PBXTargetDependency section */

/* Begin XCBuildConfiguration section */
		37E009FBE527BDEA6AD2CB98C10D0A7B /* Release */ = {
			isa = XCBuildConfiguration;
			buildSettings = {
				ARCHS = arm64;
				CLANG_ENABLE_MODULES = YES;
				CODE_SIGN_ENTITLEMENTS = "";
				CODE_SIGN_IDENTITY = "Developer ID Application";
				CODE_SIGN_INJECT_BASE_ENTITLEMENTS = NO;
				CODE_SIGN_STYLE = Manual;
				CREATE_INFOPLIST_SECTION_IN_BINARY = YES;
				CURRENT_PROJECT_VERSION = "$(inherited)";
				ENABLE_APP_SANDBOX = NO;
				ENABLE_HARDENED_RUNTIME = YES;
				GCC_C_LANGUAGE_STANDARD = gnu17;
				GENERATE_INFOPLIST_FILE = NO;
				INFOPLIST_FILE = "Config/Helper-Info.plist";
				INSTALL_PATH = "$(CONTENTS_FOLDER_PATH)";
				LD_RUNPATH_SEARCH_PATHS = "$(inherited) @executable_path/../Frameworks";
				LIDPILOT_APP_IDENTIFIER = com.lidpilot.app;
				LIDPILOT_DAEMON_LABEL = com.lidpilot.app.helper;
				LIDPILOT_DAEMON_PLIST_NAME = com.lidpilot.app.helper.plist;
				LIDPILOT_HELPER_IDENTIFIER = com.lidpilot.app.helper;
				LIDPILOT_SERVICE_IDENTIFIER = com.lidpilot.app.helper;
				MACH_O_TYPE = mh_execute;
				MACOSX_DEPLOYMENT_TARGET = 15.0;
				ONLY_ACTIVE_ARCH = NO;
				PRODUCT_BUNDLE_IDENTIFIER = com.lidpilot.app.helper;
				PRODUCT_NAME = LidPilotHelper;
				SDKROOT = macosx;
				SKIP_INSTALL = YES;
				SUFeedURL = "";
				SUPublicEDKey = "";
				SWIFT_STRICT_CONCURRENCY = complete;
				SWIFT_VERSION = 6.0;
				VERSIONING_SYSTEM = "apple-generic";
			};
			name = Release;
		};
		58CBE6C0B75E58D0134D5B74ECB6EE12 /* Debug */ = {
			isa = XCBuildConfiguration;
			baseConfigurationReference = 903D869E4E5535637963BB07C7DCA36B /* Version.xcconfig */;
			buildSettings = {
				ALWAYS_SEARCH_USER_PATHS = NO;
				CLANG_ANALYZER_NONNULL = YES;
				CLANG_ANALYZER_NUMBER_OBJECT_CONVERSION = YES_AGGRESSIVE;
				CLANG_CXX_LANGUAGE_STANDARD = "gnu++14";
				CLANG_CXX_LIBRARY = "libc++";
				CLANG_ENABLE_MODULES = YES;
				CLANG_ENABLE_OBJC_ARC = YES;
				CLANG_ENABLE_OBJC_WEAK = YES;
				CLANG_WARN_BLOCK_CAPTURE_AUTORELEASING = YES;
				CLANG_WARN_BOOL_CONVERSION = YES;
				CLANG_WARN_COMMA = YES;
				CLANG_WARN_CONSTANT_CONVERSION = YES;
				CLANG_WARN_DEPRECATED_OBJC_IMPLEMENTATIONS = YES;
				CLANG_WARN_DIRECT_OBJC_ISA_USAGE = YES_ERROR;
				CLANG_WARN_DOCUMENTATION_COMMENTS = YES;
				CLANG_WARN_EMPTY_BODY = YES;
				CLANG_WARN_ENUM_CONVERSION = YES;
				CLANG_WARN_INFINITE_RECURSION = YES;
				CLANG_WARN_INT_CONVERSION = YES;
				CLANG_WARN_NON_LITERAL_NULL_CONVERSION = YES;
				CLANG_WARN_OBJC_IMPLICIT_RETAIN_SELF = YES;
				CLANG_WARN_OBJC_LITERAL_CONVERSION = YES;
				CLANG_WARN_OBJC_ROOT_CLASS = YES_ERROR;
				CLANG_WARN_QUOTED_INCLUDE_IN_FRAMEWORK_HEADER = YES;
				CLANG_WARN_RANGE_LOOP_ANALYSIS = YES;
				CLANG_WARN_STRICT_PROTOTYPES = YES;
				CLANG_WARN_SUSPICIOUS_MOVE = YES;
				CLANG_WARN_UNGUARDED_AVAILABILITY = YES_AGGRESSIVE;
				CLANG_WARN_UNREACHABLE_CODE = YES;
				CLANG_WARN__DUPLICATE_METHOD_MATCH = YES;
				COPY_PHASE_STRIP = NO;
				DEBUG_INFORMATION_FORMAT = dwarf;
				ENABLE_STRICT_OBJC_MSGSEND = YES;
				ENABLE_TESTABILITY = YES;
				GCC_C_LANGUAGE_STANDARD = gnu11;
				GCC_DYNAMIC_NO_PIC = NO;
				GCC_NO_COMMON_BLOCKS = YES;
				GCC_OPTIMIZATION_LEVEL = 0;
				GCC_PREPROCESSOR_DEFINITIONS = (
					"DEBUG=1",
					"$(inherited)",
				);
				GCC_WARN_64_TO_32_BIT_CONVERSION = YES;
				GCC_WARN_ABOUT_RETURN_TYPE = YES_ERROR;
				GCC_WARN_UNDECLARED_SELECTOR = YES;
				GCC_WARN_UNINITIALIZED_AUTOS = YES_AGGRESSIVE;
				GCC_WARN_UNUSED_FUNCTION = YES;
				GCC_WARN_UNUSED_VARIABLE = YES;
				MTL_ENABLE_DEBUG_INFO = INCLUDE_SOURCE;
				MTL_FAST_MATH = YES;
				ONLY_ACTIVE_ARCH = YES;
				PRODUCT_NAME = "$(TARGET_NAME)";
				SWIFT_ACTIVE_COMPILATION_CONDITIONS = DEBUG;
				SWIFT_OPTIMIZATION_LEVEL = "-Onone";
				SWIFT_VERSION = 5.0;
			};
			name = Debug;
		};
		B57ECD4799D32C40EB7714226F0B6B7D /* Release */ = {
			isa = XCBuildConfiguration;
			buildSettings = {
				ARCHS = arm64;
				ASSETCATALOG_COMPILER_APPICON_NAME = AppIcon;
				ASSETCATALOG_COMPILER_GLOBAL_ACCENT_COLOR_NAME = AccentColor;
				CLANG_ENABLE_MODULES = YES;
				CODE_SIGN_ENTITLEMENTS = "";
				CODE_SIGN_IDENTITY = "Developer ID Application";
				CODE_SIGN_INJECT_BASE_ENTITLEMENTS = NO;
				CODE_SIGN_STYLE = Manual;
				COMBINE_HIDPI_IMAGES = YES;
				CURRENT_PROJECT_VERSION = "$(inherited)";
				ENABLE_APP_SANDBOX = NO;
				ENABLE_HARDENED_RUNTIME = YES;
				GCC_C_LANGUAGE_STANDARD = gnu17;
				GENERATE_INFOPLIST_FILE = NO;
				INFOPLIST_FILE = "Config/App-Info.plist";
				INSTALL_PATH = "$(LOCAL_APPS_DIR)";
				LD_RUNPATH_SEARCH_PATHS = "$(inherited) @executable_path/../Frameworks";
				LIDPILOT_APP_IDENTIFIER = com.lidpilot.app;
				LIDPILOT_DAEMON_LABEL = com.lidpilot.app.helper;
				LIDPILOT_DAEMON_PLIST_NAME = com.lidpilot.app.helper.plist;
				LIDPILOT_HELPER_IDENTIFIER = com.lidpilot.app.helper;
				LIDPILOT_SERVICE_IDENTIFIER = com.lidpilot.app.helper;
				MACOSX_DEPLOYMENT_TARGET = 15.0;
				ONLY_ACTIVE_ARCH = NO;
				PRODUCT_BUNDLE_IDENTIFIER = com.lidpilot.app;
				PRODUCT_NAME = LidPilot;
				SDKROOT = macosx;
				SKIP_INSTALL = NO;
				SUFeedURL = "";
				SUPublicEDKey = "";
				SWIFT_STRICT_CONCURRENCY = complete;
				SWIFT_VERSION = 6.0;
				VERSIONING_SYSTEM = "apple-generic";
			};
			name = Release;
		};
		BE3B28106510D05262CB5E33A7D0B0DF /* Debug */ = {
			isa = XCBuildConfiguration;
			buildSettings = {
				ARCHS = arm64;
				CLANG_ENABLE_MODULES = YES;
				CODE_SIGN_ENTITLEMENTS = "";
				CODE_SIGN_IDENTITY = "-";
				CODE_SIGN_INJECT_BASE_ENTITLEMENTS = NO;
				CODE_SIGN_STYLE = Manual;
				CURRENT_PROJECT_VERSION = "$(inherited)";
				ENABLE_APP_SANDBOX = NO;
				ENABLE_HARDENED_RUNTIME = YES;
				ENABLE_TESTABILITY = YES;
				GCC_C_LANGUAGE_STANDARD = gnu17;
				GENERATE_INFOPLIST_FILE = YES;
				LD_RUNPATH_SEARCH_PATHS = "$(inherited) @executable_path/../Frameworks @loader_path/../Frameworks";
				MACOSX_DEPLOYMENT_TARGET = 15.0;
				ONLY_ACTIVE_ARCH = YES;
				PRODUCT_BUNDLE_IDENTIFIER = com.lidpilot.app.tests;
				PRODUCT_NAME = LidPilotAppTests;
				SDKROOT = macosx;
				SKIP_INSTALL = YES;
				SWIFT_ACTIVE_COMPILATION_CONDITIONS = LIDPILOT_TESTING;
				SWIFT_STRICT_CONCURRENCY = complete;
				SWIFT_VERSION = 6.0;
				VERSIONING_SYSTEM = "apple-generic";
			};
			name = Debug;
		};
		D8D5C5921C8F8912333613322B6CB198 /* Debug */ = {
			isa = XCBuildConfiguration;
			buildSettings = {
				ARCHS = arm64;
				ASSETCATALOG_COMPILER_APPICON_NAME = AppIcon;
				ASSETCATALOG_COMPILER_GLOBAL_ACCENT_COLOR_NAME = AccentColor;
				CLANG_ENABLE_MODULES = YES;
				CODE_SIGN_ENTITLEMENTS = "";
				CODE_SIGN_IDENTITY = "-";
				CODE_SIGN_INJECT_BASE_ENTITLEMENTS = NO;
				CODE_SIGN_STYLE = Manual;
				COMBINE_HIDPI_IMAGES = YES;
				CURRENT_PROJECT_VERSION = "$(inherited)";
				ENABLE_APP_SANDBOX = NO;
				ENABLE_HARDENED_RUNTIME = YES;
				GCC_C_LANGUAGE_STANDARD = gnu17;
				GENERATE_INFOPLIST_FILE = NO;
				INFOPLIST_FILE = "Config/App-Info.plist";
				INSTALL_PATH = "$(LOCAL_APPS_DIR)";
				LD_RUNPATH_SEARCH_PATHS = "$(inherited) @executable_path/../Frameworks";
				LIDPILOT_APP_IDENTIFIER = com.lidpilot.app.dev;
				LIDPILOT_DAEMON_LABEL = com.lidpilot.app.dev.helper;
				LIDPILOT_DAEMON_PLIST_NAME = com.lidpilot.app.dev.helper.plist;
				LIDPILOT_HELPER_IDENTIFIER = com.lidpilot.app.dev.helper;
				LIDPILOT_SERVICE_IDENTIFIER = com.lidpilot.app.dev.helper;
				MACOSX_DEPLOYMENT_TARGET = 15.0;
				ONLY_ACTIVE_ARCH = YES;
				PRODUCT_BUNDLE_IDENTIFIER = com.lidpilot.app.dev;
				PRODUCT_NAME = LidPilot;
				SDKROOT = macosx;
				SKIP_INSTALL = NO;
				SUFeedURL = "";
				SUPublicEDKey = "";
				SWIFT_STRICT_CONCURRENCY = complete;
				SWIFT_VERSION = 6.0;
				VERSIONING_SYSTEM = "apple-generic";
			};
			name = Debug;
		};
		DB4058FC5A9F2942DB0DD53EE8BB6B02 /* Release */ = {
			isa = XCBuildConfiguration;
			buildSettings = {
				ARCHS = arm64;
				CLANG_ENABLE_MODULES = YES;
				CODE_SIGN_ENTITLEMENTS = "";
				CODE_SIGN_IDENTITY = "-";
				CODE_SIGN_INJECT_BASE_ENTITLEMENTS = NO;
				CODE_SIGN_STYLE = Manual;
				CURRENT_PROJECT_VERSION = "$(inherited)";
				ENABLE_APP_SANDBOX = NO;
				ENABLE_HARDENED_RUNTIME = YES;
				ENABLE_TESTABILITY = YES;
				GCC_C_LANGUAGE_STANDARD = gnu17;
				GENERATE_INFOPLIST_FILE = YES;
				LD_RUNPATH_SEARCH_PATHS = "$(inherited) @executable_path/../Frameworks @loader_path/../Frameworks";
				MACOSX_DEPLOYMENT_TARGET = 15.0;
				ONLY_ACTIVE_ARCH = YES;
				PRODUCT_BUNDLE_IDENTIFIER = com.lidpilot.app.tests;
				PRODUCT_NAME = LidPilotAppTests;
				SDKROOT = macosx;
				SKIP_INSTALL = YES;
				SWIFT_ACTIVE_COMPILATION_CONDITIONS = LIDPILOT_TESTING;
				SWIFT_STRICT_CONCURRENCY = complete;
				SWIFT_VERSION = 6.0;
				VERSIONING_SYSTEM = "apple-generic";
			};
			name = Release;
		};
		E8F4866ED30CBA9B9F590CDA11E3E90F /* Release */ = {
			isa = XCBuildConfiguration;
			baseConfigurationReference = 903D869E4E5535637963BB07C7DCA36B /* Version.xcconfig */;
			buildSettings = {
				ALWAYS_SEARCH_USER_PATHS = NO;
				CLANG_ANALYZER_NONNULL = YES;
				CLANG_ANALYZER_NUMBER_OBJECT_CONVERSION = YES_AGGRESSIVE;
				CLANG_CXX_LANGUAGE_STANDARD = "gnu++14";
				CLANG_CXX_LIBRARY = "libc++";
				CLANG_ENABLE_MODULES = YES;
				CLANG_ENABLE_OBJC_ARC = YES;
				CLANG_ENABLE_OBJC_WEAK = YES;
				CLANG_WARN_BLOCK_CAPTURE_AUTORELEASING = YES;
				CLANG_WARN_BOOL_CONVERSION = YES;
				CLANG_WARN_COMMA = YES;
				CLANG_WARN_CONSTANT_CONVERSION = YES;
				CLANG_WARN_DEPRECATED_OBJC_IMPLEMENTATIONS = YES;
				CLANG_WARN_DIRECT_OBJC_ISA_USAGE = YES_ERROR;
				CLANG_WARN_DOCUMENTATION_COMMENTS = YES;
				CLANG_WARN_EMPTY_BODY = YES;
				CLANG_WARN_ENUM_CONVERSION = YES;
				CLANG_WARN_INFINITE_RECURSION = YES;
				CLANG_WARN_INT_CONVERSION = YES;
				CLANG_WARN_NON_LITERAL_NULL_CONVERSION = YES;
				CLANG_WARN_OBJC_IMPLICIT_RETAIN_SELF = YES;
				CLANG_WARN_OBJC_LITERAL_CONVERSION = YES;
				CLANG_WARN_OBJC_ROOT_CLASS = YES_ERROR;
				CLANG_WARN_QUOTED_INCLUDE_IN_FRAMEWORK_HEADER = YES;
				CLANG_WARN_RANGE_LOOP_ANALYSIS = YES;
				CLANG_WARN_STRICT_PROTOTYPES = YES;
				CLANG_WARN_SUSPICIOUS_MOVE = YES;
				CLANG_WARN_UNGUARDED_AVAILABILITY = YES_AGGRESSIVE;
				CLANG_WARN_UNREACHABLE_CODE = YES;
				CLANG_WARN__DUPLICATE_METHOD_MATCH = YES;
				COPY_PHASE_STRIP = NO;
				DEBUG_INFORMATION_FORMAT = "dwarf-with-dsym";
				ENABLE_NS_ASSERTIONS = NO;
				ENABLE_STRICT_OBJC_MSGSEND = YES;
				GCC_C_LANGUAGE_STANDARD = gnu11;
				GCC_NO_COMMON_BLOCKS = YES;
				GCC_WARN_64_TO_32_BIT_CONVERSION = YES;
				GCC_WARN_ABOUT_RETURN_TYPE = YES_ERROR;
				GCC_WARN_UNDECLARED_SELECTOR = YES;
				GCC_WARN_UNINITIALIZED_AUTOS = YES_AGGRESSIVE;
				GCC_WARN_UNUSED_FUNCTION = YES;
				GCC_WARN_UNUSED_VARIABLE = YES;
				MTL_ENABLE_DEBUG_INFO = NO;
				MTL_FAST_MATH = YES;
				PRODUCT_NAME = "$(TARGET_NAME)";
				SWIFT_COMPILATION_MODE = wholemodule;
				SWIFT_OPTIMIZATION_LEVEL = "-O";
				SWIFT_VERSION = 5.0;
			};
			name = Release;
		};
		F59FF39A701876B4F4DF0D9303DB175D /* Debug */ = {
			isa = XCBuildConfiguration;
			buildSettings = {
				ARCHS = arm64;
				CLANG_ENABLE_MODULES = YES;
				CODE_SIGN_ENTITLEMENTS = "";
				CODE_SIGN_IDENTITY = "-";
				CODE_SIGN_INJECT_BASE_ENTITLEMENTS = NO;
				CODE_SIGN_STYLE = Manual;
				CREATE_INFOPLIST_SECTION_IN_BINARY = YES;
				CURRENT_PROJECT_VERSION = "$(inherited)";
				ENABLE_APP_SANDBOX = NO;
				ENABLE_HARDENED_RUNTIME = YES;
				GCC_C_LANGUAGE_STANDARD = gnu17;
				GENERATE_INFOPLIST_FILE = NO;
				INFOPLIST_FILE = "Config/Helper-Info.plist";
				INSTALL_PATH = "$(CONTENTS_FOLDER_PATH)";
				LD_RUNPATH_SEARCH_PATHS = "$(inherited) @executable_path/../Frameworks";
				LIDPILOT_APP_IDENTIFIER = com.lidpilot.app.dev;
				LIDPILOT_DAEMON_LABEL = com.lidpilot.app.dev.helper;
				LIDPILOT_DAEMON_PLIST_NAME = com.lidpilot.app.dev.helper.plist;
				LIDPILOT_HELPER_IDENTIFIER = com.lidpilot.app.dev.helper;
				LIDPILOT_SERVICE_IDENTIFIER = com.lidpilot.app.dev.helper;
				MACH_O_TYPE = mh_execute;
				MACOSX_DEPLOYMENT_TARGET = 15.0;
				ONLY_ACTIVE_ARCH = YES;
				PRODUCT_BUNDLE_IDENTIFIER = com.lidpilot.app.dev.helper;
				PRODUCT_NAME = LidPilotHelper;
				SDKROOT = macosx;
				SKIP_INSTALL = YES;
				SUFeedURL = "";
				SUPublicEDKey = "";
				SWIFT_STRICT_CONCURRENCY = complete;
				SWIFT_VERSION = 6.0;
				VERSIONING_SYSTEM = "apple-generic";
			};
			name = Debug;
		};
/* End XCBuildConfiguration section */

/* Begin XCConfigurationList section */
		3D7961D7171BFFAAA069838BB33A3FC0 /* Build configuration list for PBXNativeTarget "LidPilotAppTests" */ = {
			isa = XCConfigurationList;
			buildConfigurations = (
				DB4058FC5A9F2942DB0DD53EE8BB6B02 /* Release */,
				BE3B28106510D05262CB5E33A7D0B0DF /* Debug */,
			);
			defaultConfigurationIsVisible = 0;
			defaultConfigurationName = Release;
		};
		A10E772ECF1D3B0704A2EA7A93052F57 /* Build configuration list for PBXProject "LidPilot" */ = {
			isa = XCConfigurationList;
			buildConfigurations = (
				58CBE6C0B75E58D0134D5B74ECB6EE12 /* Debug */,
				E8F4866ED30CBA9B9F590CDA11E3E90F /* Release */,
			);
			defaultConfigurationIsVisible = 0;
			defaultConfigurationName = Release;
		};
		AE22009C753023FB38926229C85A4B47 /* Build configuration list for PBXNativeTarget "LidPilot" */ = {
			isa = XCConfigurationList;
			buildConfigurations = (
				B57ECD4799D32C40EB7714226F0B6B7D /* Release */,
				D8D5C5921C8F8912333613322B6CB198 /* Debug */,
			);
			defaultConfigurationIsVisible = 0;
			defaultConfigurationName = Release;
		};
		D06D4B8ECA81E35FE9385D298D4121C0 /* Build configuration list for PBXNativeTarget "LidPilotHelper" */ = {
			isa = XCConfigurationList;
			buildConfigurations = (
				37E009FBE527BDEA6AD2CB98C10D0A7B /* Release */,
				F59FF39A701876B4F4DF0D9303DB175D /* Debug */,
			);
			defaultConfigurationIsVisible = 0;
			defaultConfigurationName = Release;
		};
/* End XCConfigurationList section */

/* Begin XCLocalSwiftPackageReference section */
		11B045C5071B83E0B7AE52F7B100BD4A /* XCLocalSwiftPackageReference "Core" */ = {
			isa = XCLocalSwiftPackageReference;
			relativePath = Core;
		};
		8EA5BE31065355AF06DB1600D897984D /* XCLocalSwiftPackageReference "." */ = {
			isa = XCLocalSwiftPackageReference;
			relativePath = .;
		};
/* End XCLocalSwiftPackageReference section */

/* Begin XCRemoteSwiftPackageReference section */
		1AE884E465799F26FDE181C8A385BC11 /* XCRemoteSwiftPackageReference "Sparkle" */ = {
			isa = XCRemoteSwiftPackageReference;
			repositoryURL = "https://github.com/sparkle-project/Sparkle";
			requirement = {
				kind = exactVersion;
				version = 2.10.0;
			};
		};
/* End XCRemoteSwiftPackageReference section */

/* Begin XCSwiftPackageProductDependency section */
		108A5A9EE95C987722A2D8D301EA5C02 /* LidPilotRuntime */ = {
			isa = XCSwiftPackageProductDependency;
			package = 8EA5BE31065355AF06DB1600D897984D /* XCLocalSwiftPackageReference "." */;
			productName = LidPilotRuntime;
		};
		3EBD6916D81A0B9344DC25417B708CB8 /* LidPilotCore */ = {
			isa = XCSwiftPackageProductDependency;
			package = 11B045C5071B83E0B7AE52F7B100BD4A /* XCLocalSwiftPackageReference "Core" */;
			productName = LidPilotCore;
		};
		4E0A1276786028F89EFC056DD08A7196 /* LidPilotRuntime */ = {
			isa = XCSwiftPackageProductDependency;
			package = 8EA5BE31065355AF06DB1600D897984D /* XCLocalSwiftPackageReference "." */;
			productName = LidPilotRuntime;
		};
		7C767075C0C8A419EA1FDC2255CF9BB3 /* Sparkle */ = {
			isa = XCSwiftPackageProductDependency;
			package = 1AE884E465799F26FDE181C8A385BC11 /* XCRemoteSwiftPackageReference "Sparkle" */;
			productName = Sparkle;
		};
		867E1F4A63C8EE9AB6A3070B571492A8 /* LidPilotCore */ = {
			isa = XCSwiftPackageProductDependency;
			package = 11B045C5071B83E0B7AE52F7B100BD4A /* XCLocalSwiftPackageReference "Core" */;
			productName = LidPilotCore;
		};
		86A62831FEC2BB3487683DC0221D9BE2 /* Sparkle */ = {
			isa = XCSwiftPackageProductDependency;
			package = 1AE884E465799F26FDE181C8A385BC11 /* XCRemoteSwiftPackageReference "Sparkle" */;
			productName = Sparkle;
		};
		A012268BA173E0F195BF03EAE9E3C2C5 /* LidPilotRuntime */ = {
			isa = XCSwiftPackageProductDependency;
			package = 8EA5BE31065355AF06DB1600D897984D /* XCLocalSwiftPackageReference "." */;
			productName = LidPilotRuntime;
		};
		A9039249DF6F34AA43572EE84B380D97 /* LidPilotCore */ = {
			isa = XCSwiftPackageProductDependency;
			package = 11B045C5071B83E0B7AE52F7B100BD4A /* XCLocalSwiftPackageReference "Core" */;
			productName = LidPilotCore;
		};
/* End XCSwiftPackageProductDependency section */
	};
	rootObject = 7E35FAB48B0F003348B9A6997BC3F935 /* Project object */;
}
