// !$*UTF8*$!
{
	archiveVersion = 1;
	classes = {
	};
	objectVersion = 46;
	objects = {

/* Begin PBXBuildFile section */
		00F9B1F4DE521F7DC90812838D49CC7A /* UpdateCoordinator.swift in Sources */ = {isa = PBXBuildFile; fileRef = 9F2A6D64F88DE0A07C73150585584972 /* UpdateCoordinator.swift */; };
		13EE445D25790EE35864A02F93F17AE0 /* LidPilotCore in Frameworks */ = {isa = PBXBuildFile; productRef = BC3CFD27C1AAB3C3EE52B79762395314 /* LidPilotCore */; };
		18118D3E2E78B85A26CBCFD42322B7DF /* Cocoa.framework in Frameworks */ = {isa = PBXBuildFile; fileRef = 3312D05CDCB3EC18642AE0A13A0EBCF4 /* Cocoa.framework */; };
		18B5348BAD6BBF4B94496E7D42A25529 /* AppModel.swift in Sources */ = {isa = PBXBuildFile; fileRef = A01FCE712594AADDC70E2947D1FDA097 /* AppModel.swift */; };
		23F7D4C4613ADB21697F7912D275C3B7 /* HelperManager.swift in Sources */ = {isa = PBXBuildFile; fileRef = 828BE939B0913224C619D0B0A9BD22AB /* HelperManager.swift */; };
		253BC98B6AEDB2E554B50347BF50F4A8 /* Cocoa.framework in Frameworks */ = {isa = PBXBuildFile; fileRef = 3312D05CDCB3EC18642AE0A13A0EBCF4 /* Cocoa.framework */; };
		299E248FCF2E2345DE79A7C8CABE0D7D /* LidPilotRuntime in Frameworks */ = {isa = PBXBuildFile; productRef = ED2C3ABC1033C0397003716C519D6002 /* LidPilotRuntime */; };
		2F8886E161ED91F21B419082885E5745 /* LidPilotApp.swift in Sources */ = {isa = PBXBuildFile; fileRef = CA685F94416E9BFF899DC7B14FCF546A /* LidPilotApp.swift */; };
		32D77A2FEFF21F5F202214D2FD93AD59 /* HelperManager.swift in Sources */ = {isa = PBXBuildFile; fileRef = 828BE939B0913224C619D0B0A9BD22AB /* HelperManager.swift */; };
		370608E6A8D331EC589E0D76B0E6ECA4 /* UpdateCoordinator.swift in Sources */ = {isa = PBXBuildFile; fileRef = 9F2A6D64F88DE0A07C73150585584972 /* UpdateCoordinator.swift */; };
		37C83D10F6483DA4E7EFBA904D3CB993 /* Cocoa.framework in Frameworks */ = {isa = PBXBuildFile; fileRef = 3312D05CDCB3EC18642AE0A13A0EBCF4 /* Cocoa.framework */; };
		41888C37A3D8E3C7B556362F1B7FA818 /* LidPilotCore in Frameworks */ = {isa = PBXBuildFile; productRef = 675F8FD211A692A933154A93DF2B6725 /* LidPilotCore */; };
		4A5D46037266323E46A88440BE57D8D5 /* DiagnosticsStore.swift in Sources */ = {isa = PBXBuildFile; fileRef = 641B8813205A1047C018F03858B5619E /* DiagnosticsStore.swift */; };
		5021923246253D02F566A187CCFAB7E9 /* LidPilotCore in Frameworks */ = {isa = PBXBuildFile; productRef = 3403A62D506505C959B6E8A0182D8094 /* LidPilotCore */; };
		50D29B5F4964D9F5DDF72357BBA33481 /* lidpilot-cli in Embed lidpilot CLI */ = {isa = PBXBuildFile; fileRef = 3EF3257E1D621687AC0D46CD5504E175 /* lidpilot-cli */; settings = {ATTRIBUTES = (CodeSignOnCopy, ); }; };
		5F27423114164E2042904E5D2231033E /* StateObserver.swift in Sources */ = {isa = PBXBuildFile; fileRef = B1FD3FDC2D198BEE21EA05EF588F271C /* StateObserver.swift */; };
		60E9CBE9EC2203966F4F2726AE2E53C3 /* LidPilotRuntime in Frameworks */ = {isa = PBXBuildFile; productRef = BC3EFFECA032F5B837EA436A733958B2 /* LidPilotRuntime */; };
		61F89FD2F76EC9F0945529EA4BA9A31E /* GlobalShortcuts.swift in Sources */ = {isa = PBXBuildFile; fileRef = D73334080481166AA73049B82B9F2C3A /* GlobalShortcuts.swift */; };
		630D5B1196D45CF02963B972A96E9DF7 /* AppModel.swift in Sources */ = {isa = PBXBuildFile; fileRef = A01FCE712594AADDC70E2947D1FDA097 /* AppModel.swift */; };
		6A9886F42FC06BE10B98197E20DDFA32 /* LidPilotHelper in Embed LidPilotHelper */ = {isa = PBXBuildFile; fileRef = 44C843BB5CFEF16D5CCA9C1BC0445CB8 /* LidPilotHelper */; settings = {ATTRIBUTES = (CodeSignOnCopy, ); }; };
		6D02E1706C29B78E3CBC7D3D181A015C /* UpdateOwnership.swift in Sources */ = {isa = PBXBuildFile; fileRef = 5F0076613B7EDA8ED756EEC0D28DC837 /* UpdateOwnership.swift */; };
		6F48C32F5C5C65E3FA9AA8B15AC21083 /* LidPilotRuntime in Frameworks */ = {isa = PBXBuildFile; productRef = 2004181BD423F3C89951FED7DF999097 /* LidPilotRuntime */; };
		74C4FD8377AAA9F8542E269FDD4B83CA /* main.swift in Sources */ = {isa = PBXBuildFile; fileRef = D6AE1BDB3CEE245724DE7768ECCF5C22 /* main.swift */; };
		75D84F4F16D44D369B0875F87A0D79B5 /* Cocoa.framework in Frameworks */ = {isa = PBXBuildFile; fileRef = 3312D05CDCB3EC18642AE0A13A0EBCF4 /* Cocoa.framework */; };
		7F38A84AFFD0CF18E9234263CA146365 /* UpdateCoordinatorTests.swift in Sources */ = {isa = PBXBuildFile; fileRef = EC9A1A945AD4DA839ECB1C5D4F7C6BD6 /* UpdateCoordinatorTests.swift */; };
		8092C7524CDDBA55D85BBD0A9CFB2EBA /* Assets.xcassets in Resources */ = {isa = PBXBuildFile; fileRef = 16537F856E6E4DEAD23EBDFD03B1D97E /* Assets.xcassets */; };
		838E968D038BC06E1AD1A3303C093712 /* LidPilotCore in Frameworks */ = {isa = PBXBuildFile; productRef = A9D7A2D05DEBC5C83C5EA825BE28BAE9 /* LidPilotCore */; };
		85D74A53CABB744D78550DE2FE4320B4 /* LICENSE in Resources */ = {isa = PBXBuildFile; fileRef = 13F0F8D73796683FD58495963E905DC8 /* LICENSE */; };
		8D79B219ABAA5F07AA95AECD861B7731 /* StateObserver.swift in Sources */ = {isa = PBXBuildFile; fileRef = B1FD3FDC2D198BEE21EA05EF588F271C /* StateObserver.swift */; };
		9B26E77E67E119C5BC13D11938098CBD /* DiagnosticsStore.swift in Sources */ = {isa = PBXBuildFile; fileRef = 641B8813205A1047C018F03858B5619E /* DiagnosticsStore.swift */; };
		A7F511089207266B609AA365E6631457 /* SettingsView.swift in Sources */ = {isa = PBXBuildFile; fileRef = B4D54426B52D836E29613466105926A8 /* SettingsView.swift */; };
		5D50FA7E23EF4D7681B260EF61AF2B75 /* AgentTasksView.swift in Sources */ = {isa = PBXBuildFile; fileRef = 842BF3F4B895423FB70954FAD1EED8EC /* AgentTasksView.swift */; };
		AC477CC4C1AC3A69AF4FE2DA6BD77306 /* Sparkle in Frameworks */ = {isa = PBXBuildFile; productRef = A8FB209912EC6602195B0E1646086CC3 /* Sparkle */; };
		B4F19F1EEDB68CC9AEF4BDC9D347FD24 /* UpdateOwnership.swift in Sources */ = {isa = PBXBuildFile; fileRef = 5F0076613B7EDA8ED756EEC0D28DC837 /* UpdateOwnership.swift */; };
		D4696C0D9318A73AA6705FB26BB0B088 /* Sparkle in Frameworks */ = {isa = PBXBuildFile; productRef = FAA7E4651558CED4A0F9B19799792F83 /* Sparkle */; };
		D7BE6573E12861ABDC93677308EBF8A1 /* PreviewHarness.swift in Sources */ = {isa = PBXBuildFile; fileRef = 774B5D7C28EF761CEB6D67A88471D813 /* PreviewHarness.swift */; };
		DCA32B86D9807B80963AAD1311F252A1 /* PilotPanel.swift in Sources */ = {isa = PBXBuildFile; fileRef = 2C27853A8FFF86CA64C3B83E608F7C26 /* PilotPanel.swift */; };
		DF831431C6D302F06D7CA2ED978C9EB5 /* THIRD_PARTY_NOTICES.md in Resources */ = {isa = PBXBuildFile; fileRef = C5C171D0CE857EC169C86906C50199EE /* THIRD_PARTY_NOTICES.md */; };
		E9B2EC2D2FCC955017CDA8D3DCE3FCB9 /* main.swift in Sources */ = {isa = PBXBuildFile; fileRef = F7663512776F02A2C2E1DC64BADFCD24 /* main.swift */; };
		F401772B1A379931353B28173E073615 /* LidPilotRuntime in Frameworks */ = {isa = PBXBuildFile; productRef = 3A06224E51BC7F68759C13C3229E925C /* LidPilotRuntime */; };
		F8C2DEE4E7BF843F6405937D18410CD2 /* WelcomeView.swift in Sources */ = {isa = PBXBuildFile; fileRef = 8C3F2EF11160E6FCEBCBDAC860C4AB2B /* WelcomeView.swift */; };
		FE9D5B31785A1A3ABE03D36A01BF2109 /* GlobalShortcuts.swift in Sources */ = {isa = PBXBuildFile; fileRef = D73334080481166AA73049B82B9F2C3A /* GlobalShortcuts.swift */; };
/* End PBXBuildFile section */

/* Begin PBXContainerItemProxy section */
		C044B36D785DBCECB862C72D4D7BD9F2 /* PBXContainerItemProxy */ = {
			isa = PBXContainerItemProxy;
			containerPortal = 7E35FAB48B0F003348B9A6997BC3F935 /* Project object */;
			proxyType = 1;
			remoteGlobalIDString = BC11E0C00F68683D5BC062BF28596DBF;
			remoteInfo = LidPilotHelper;
		};
		D53CB6317301A6DAF42370A4CC7B64CC /* PBXContainerItemProxy */ = {
			isa = PBXContainerItemProxy;
			containerPortal = 7E35FAB48B0F003348B9A6997BC3F935 /* Project object */;
			proxyType = 1;
			remoteGlobalIDString = A26C30B71FC1FFB1E118540BD29A9E30;
			remoteInfo = LidPilotCLI;
		};
/* End PBXContainerItemProxy section */

/* Begin PBXCopyFilesBuildPhase section */
		95A8883216F40C21C24255AC938E5890 /* Embed lidpilot CLI */ = {
			isa = PBXCopyFilesBuildPhase;
			buildActionMask = 2147483647;
			dstPath = Contents/MacOS;
			dstSubfolderSpec = 1;
			files = (
				50D29B5F4964D9F5DDF72357BBA33481 /* lidpilot-cli in Embed lidpilot CLI */,
			);
			name = "Embed lidpilot CLI";
			runOnlyForDeploymentPostprocessing = 0;
		};
		FAD204533D3D2C5FB51539326C2A066B /* Embed LidPilotHelper */ = {
			isa = PBXCopyFilesBuildPhase;
			buildActionMask = 2147483647;
			dstPath = Contents/Library/HelperTools;
			dstSubfolderSpec = 1;
			files = (
				6A9886F42FC06BE10B98197E20DDFA32 /* LidPilotHelper in Embed LidPilotHelper */,
			);
			name = "Embed LidPilotHelper";
			runOnlyForDeploymentPostprocessing = 0;
		};
/* End PBXCopyFilesBuildPhase section */

/* Begin PBXFileReference section */
		13F0F8D73796683FD58495963E905DC8 /* LICENSE */ = {isa = PBXFileReference; includeInIndex = 1; path = LICENSE; sourceTree = "<group>"; };
		16537F856E6E4DEAD23EBDFD03B1D97E /* Assets.xcassets */ = {isa = PBXFileReference; includeInIndex = 1; lastKnownFileType = folder.assetcatalog; name = Assets.xcassets; path = App/Assets.xcassets; sourceTree = "<group>"; };
		2C27853A8FFF86CA64C3B83E608F7C26 /* PilotPanel.swift */ = {isa = PBXFileReference; includeInIndex = 1; lastKnownFileType = sourcecode.swift; name = PilotPanel.swift; path = App/PilotPanel.swift; sourceTree = "<group>"; };
		3312D05CDCB3EC18642AE0A13A0EBCF4 /* Cocoa.framework */ = {isa = PBXFileReference; lastKnownFileType = wrapper.framework; name = Cocoa.framework; path = Platforms/MacOSX.platform/Developer/SDKs/MacOSX15.0.sdk/System/Library/Frameworks/Cocoa.framework; sourceTree = DEVELOPER_DIR; };
		3EF3257E1D621687AC0D46CD5504E175 /* lidpilot-cli */ = {isa = PBXFileReference; includeInIndex = 0; name = "lidpilot-cli"; path = "lidpilot-cli"; sourceTree = BUILT_PRODUCTS_DIR; };
		44C843BB5CFEF16D5CCA9C1BC0445CB8 /* LidPilotHelper */ = {isa = PBXFileReference; includeInIndex = 0; name = LidPilotHelper; path = LidPilotHelper; sourceTree = BUILT_PRODUCTS_DIR; };
		51CA11A1B500E15A115AD48237B27E18 /* com.lidpilot.app.helper.plist */ = {isa = PBXFileReference; includeInIndex = 1; lastKnownFileType = text.plist.xml; name = com.lidpilot.app.helper.plist; path = Config/LaunchDaemons/com.lidpilot.app.helper.plist; sourceTree = "<group>"; };
		5F0076613B7EDA8ED756EEC0D28DC837 /* UpdateOwnership.swift */ = {isa = PBXFileReference; includeInIndex = 1; lastKnownFileType = sourcecode.swift; name = UpdateOwnership.swift; path = App/UpdateOwnership.swift; sourceTree = "<group>"; };
		641B8813205A1047C018F03858B5619E /* DiagnosticsStore.swift */ = {isa = PBXFileReference; includeInIndex = 1; lastKnownFileType = sourcecode.swift; name = DiagnosticsStore.swift; path = App/DiagnosticsStore.swift; sourceTree = "<group>"; };
		774B5D7C28EF761CEB6D67A88471D813 /* PreviewHarness.swift */ = {isa = PBXFileReference; includeInIndex = 1; lastKnownFileType = sourcecode.swift; name = PreviewHarness.swift; path = App/PreviewHarness.swift; sourceTree = "<group>"; };
		828BE939B0913224C619D0B0A9BD22AB /* HelperManager.swift */ = {isa = PBXFileReference; includeInIndex = 1; lastKnownFileType = sourcecode.swift; name = HelperManager.swift; path = App/HelperManager.swift; sourceTree = "<group>"; };
		8C3F2EF11160E6FCEBCBDAC860C4AB2B /* WelcomeView.swift */ = {isa = PBXFileReference; includeInIndex = 1; lastKnownFileType = sourcecode.swift; name = WelcomeView.swift; path = App/WelcomeView.swift; sourceTree = "<group>"; };
		903D869E4E5535637963BB07C7DCA36B /* Version.xcconfig */ = {isa = PBXFileReference; includeInIndex = 1; lastKnownFileType = text.xcconfig; path = Version.xcconfig; sourceTree = "<group>"; };
		9A4F9B02E3278110737E1002056860A2 /* com.lidpilot.app.dev.helper.plist */ = {isa = PBXFileReference; includeInIndex = 1; lastKnownFileType = text.plist.xml; name = com.lidpilot.app.dev.helper.plist; path = Config/LaunchDaemons/com.lidpilot.app.dev.helper.plist; sourceTree = "<group>"; };
		9F2A6D64F88DE0A07C73150585584972 /* UpdateCoordinator.swift */ = {isa = PBXFileReference; includeInIndex = 1; lastKnownFileType = sourcecode.swift; name = UpdateCoordinator.swift; path = App/UpdateCoordinator.swift; sourceTree = "<group>"; };
		A01FCE712594AADDC70E2947D1FDA097 /* AppModel.swift */ = {isa = PBXFileReference; includeInIndex = 1; lastKnownFileType = sourcecode.swift; name = AppModel.swift; path = App/AppModel.swift; sourceTree = "<group>"; };
		B1FD3FDC2D198BEE21EA05EF588F271C /* StateObserver.swift */ = {isa = PBXFileReference; includeInIndex = 1; lastKnownFileType = sourcecode.swift; name = StateObserver.swift; path = App/StateObserver.swift; sourceTree = "<group>"; };
		B4D54426B52D836E29613466105926A8 /* SettingsView.swift */ = {isa = PBXFileReference; includeInIndex = 1; lastKnownFileType = sourcecode.swift; name = SettingsView.swift; path = App/SettingsView.swift; sourceTree = "<group>"; };
		842BF3F4B895423FB70954FAD1EED8EC /* AgentTasksView.swift */ = {isa = PBXFileReference; includeInIndex = 1; lastKnownFileType = sourcecode.swift; name = AgentTasksView.swift; path = App/AgentTasksView.swift; sourceTree = "<group>"; };
		BF4ABB0EF5711A9ECD01E0CB4D4F3D48 /* LidPilot.app */ = {isa = PBXFileReference; explicitFileType = wrapper.application; includeInIndex = 0; name = LidPilot.app; path = LidPilot.app; sourceTree = BUILT_PRODUCTS_DIR; };
		C5C171D0CE857EC169C86906C50199EE /* THIRD_PARTY_NOTICES.md */ = {isa = PBXFileReference; includeInIndex = 1; path = THIRD_PARTY_NOTICES.md; sourceTree = "<group>"; };
		CA685F94416E9BFF899DC7B14FCF546A /* LidPilotApp.swift */ = {isa = PBXFileReference; includeInIndex = 1; lastKnownFileType = sourcecode.swift; name = LidPilotApp.swift; path = App/LidPilotApp.swift; sourceTree = "<group>"; };
		D6AE1BDB3CEE245724DE7768ECCF5C22 /* main.swift */ = {isa = PBXFileReference; includeInIndex = 1; lastKnownFileType = sourcecode.swift; name = main.swift; path = Helper/main.swift; sourceTree = "<group>"; };
		D73334080481166AA73049B82B9F2C3A /* GlobalShortcuts.swift */ = {isa = PBXFileReference; includeInIndex = 1; lastKnownFileType = sourcecode.swift; name = GlobalShortcuts.swift; path = App/GlobalShortcuts.swift; sourceTree = "<group>"; };
		D956C0FD24F63AA7943030461CB50F45 /* LidPilotAppTests.xctest */ = {isa = PBXFileReference; explicitFileType = wrapper.cfbundle; includeInIndex = 0; name = LidPilotAppTests.xctest; path = LidPilotAppTests.xctest; sourceTree = BUILT_PRODUCTS_DIR; };
		EC9A1A945AD4DA839ECB1C5D4F7C6BD6 /* UpdateCoordinatorTests.swift */ = {isa = PBXFileReference; includeInIndex = 1; lastKnownFileType = sourcecode.swift; name = UpdateCoordinatorTests.swift; path = AppTests/UpdateCoordinatorTests.swift; sourceTree = "<group>"; };
		F7663512776F02A2C2E1DC64BADFCD24 /* main.swift */ = {isa = PBXFileReference; includeInIndex = 1; lastKnownFileType = sourcecode.swift; name = main.swift; path = CLI/main.swift; sourceTree = "<group>"; };
/* End PBXFileReference section */

/* Begin PBXFrameworksBuildPhase section */
		53C9F9BFF4D149390628D1EA093E89C7 /* Frameworks */ = {
			isa = PBXFrameworksBuildPhase;
			buildActionMask = 2147483647;
			files = (
				18118D3E2E78B85A26CBCFD42322B7DF /* Cocoa.framework in Frameworks */,
				6F48C32F5C5C65E3FA9AA8B15AC21083 /* LidPilotRuntime in Frameworks */,
				13EE445D25790EE35864A02F93F17AE0 /* LidPilotCore in Frameworks */,
				AC477CC4C1AC3A69AF4FE2DA6BD77306 /* Sparkle in Frameworks */,
			);
			runOnlyForDeploymentPostprocessing = 0;
		};
		54437C3F8DA152701FFE85F848EE192A /* Frameworks */ = {
			isa = PBXFrameworksBuildPhase;
			buildActionMask = 2147483647;
			files = (
				253BC98B6AEDB2E554B50347BF50F4A8 /* Cocoa.framework in Frameworks */,
				F401772B1A379931353B28173E073615 /* LidPilotRuntime in Frameworks */,
				838E968D038BC06E1AD1A3303C093712 /* LidPilotCore in Frameworks */,
			);
			runOnlyForDeploymentPostprocessing = 0;
		};
		94575771A0861DB1ED9EF0B4C309792F /* Frameworks */ = {
			isa = PBXFrameworksBuildPhase;
			buildActionMask = 2147483647;
			files = (
				75D84F4F16D44D369B0875F87A0D79B5 /* Cocoa.framework in Frameworks */,
				60E9CBE9EC2203966F4F2726AE2E53C3 /* LidPilotRuntime in Frameworks */,
				41888C37A3D8E3C7B556362F1B7FA818 /* LidPilotCore in Frameworks */,
				D4696C0D9318A73AA6705FB26BB0B088 /* Sparkle in Frameworks */,
			);
			runOnlyForDeploymentPostprocessing = 0;
		};
		C400621DC428FA9510BA860F6077F840 /* Frameworks */ = {
			isa = PBXFrameworksBuildPhase;
			buildActionMask = 2147483647;
			files = (
				37C83D10F6483DA4E7EFBA904D3CB993 /* Cocoa.framework in Frameworks */,
				299E248FCF2E2345DE79A7C8CABE0D7D /* LidPilotRuntime in Frameworks */,
				5021923246253D02F566A187CCFAB7E9 /* LidPilotCore in Frameworks */,
			);
			runOnlyForDeploymentPostprocessing = 0;
		};
/* End PBXFrameworksBuildPhase section */

/* Begin PBXGroup section */
		004DDE3C3F331730992BBF333BDC6276 /* Helper */ = {
			isa = PBXGroup;
			children = (
				D6AE1BDB3CEE245724DE7768ECCF5C22 /* main.swift */,
			);
			name = Helper;
			sourceTree = "<group>";
		};
		0C8CC381C6A6972F13C2A3095AC29585 /* CLI */ = {
			isa = PBXGroup;
			children = (
				F7663512776F02A2C2E1DC64BADFCD24 /* main.swift */,
			);
			name = CLI;
			sourceTree = "<group>";
		};
		10000807C5E1A986946093D64344EDA8 /* App */ = {
			isa = PBXGroup;
			children = (
				A01FCE712594AADDC70E2947D1FDA097 /* AppModel.swift */,
				641B8813205A1047C018F03858B5619E /* DiagnosticsStore.swift */,
				D73334080481166AA73049B82B9F2C3A /* GlobalShortcuts.swift */,
				828BE939B0913224C619D0B0A9BD22AB /* HelperManager.swift */,
				CA685F94416E9BFF899DC7B14FCF546A /* LidPilotApp.swift */,
				2C27853A8FFF86CA64C3B83E608F7C26 /* PilotPanel.swift */,
				774B5D7C28EF761CEB6D67A88471D813 /* PreviewHarness.swift */,
				B4D54426B52D836E29613466105926A8 /* SettingsView.swift */,
				842BF3F4B895423FB70954FAD1EED8EC /* AgentTasksView.swift */,
				B1FD3FDC2D198BEE21EA05EF588F271C /* StateObserver.swift */,
				9F2A6D64F88DE0A07C73150585584972 /* UpdateCoordinator.swift */,
				5F0076613B7EDA8ED756EEC0D28DC837 /* UpdateOwnership.swift */,
				8C3F2EF11160E6FCEBCBDAC860C4AB2B /* WelcomeView.swift */,
			);
			name = App;
			sourceTree = "<group>";
		};
		2314CD72036A865C10E6F9F253F57FFA /* AppTests */ = {
			isa = PBXGroup;
			children = (
				EC9A1A945AD4DA839ECB1C5D4F7C6BD6 /* UpdateCoordinatorTests.swift */,
			);
			name = AppTests;
			sourceTree = "<group>";
		};
		49DA8F2554E0F3C22444E788CE2C526A /* Frameworks */ = {
			isa = PBXGroup;
			children = (
				D016C1E4574C4262A0B8579FC0FD5858 /* OS X */,
			);
			name = Frameworks;
			sourceTree = "<group>";
		};
		A6BA33EB933E86EE78AC46A7B75D624B = {
			isa = PBXGroup;
			children = (
				DB816FF39BFE6F23A30526DB889ADADA /* Products */,
				49DA8F2554E0F3C22444E788CE2C526A /* Frameworks */,
				903D869E4E5535637963BB07C7DCA36B /* Version.xcconfig */,
				10000807C5E1A986946093D64344EDA8 /* App */,
				004DDE3C3F331730992BBF333BDC6276 /* Helper */,
				0C8CC381C6A6972F13C2A3095AC29585 /* CLI */,
				2314CD72036A865C10E6F9F253F57FFA /* AppTests */,
				16537F856E6E4DEAD23EBDFD03B1D97E /* Assets.xcassets */,
				13F0F8D73796683FD58495963E905DC8 /* LICENSE */,
				C5C171D0CE857EC169C86906C50199EE /* THIRD_PARTY_NOTICES.md */,
				9A4F9B02E3278110737E1002056860A2 /* com.lidpilot.app.dev.helper.plist */,
				51CA11A1B500E15A115AD48237B27E18 /* com.lidpilot.app.helper.plist */,
			);
			sourceTree = "<group>";
		};
		D016C1E4574C4262A0B8579FC0FD5858 /* OS X */ = {
			isa = PBXGroup;
			children = (
				3312D05CDCB3EC18642AE0A13A0EBCF4 /* Cocoa.framework */,
			);
			name = "OS X";
			sourceTree = "<group>";
		};
		DB816FF39BFE6F23A30526DB889ADADA /* Products */ = {
			isa = PBXGroup;
			children = (
				BF4ABB0EF5711A9ECD01E0CB4D4F3D48 /* LidPilot.app */,
				44C843BB5CFEF16D5CCA9C1BC0445CB8 /* LidPilotHelper */,
				3EF3257E1D621687AC0D46CD5504E175 /* lidpilot-cli */,
				D956C0FD24F63AA7943030461CB50F45 /* LidPilotAppTests.xctest */,
			);
			name = Products;
			sourceTree = "<group>";
		};
/* End PBXGroup section */

/* Begin PBXNativeTarget section */
		92FC42AA68875BFDDA7A411B0B105B0F /* LidPilotAppTests */ = {
			isa = PBXNativeTarget;
			buildConfigurationList = ECFA9A7FC60DABF1E33702CB1EC6CF10 /* Build configuration list for PBXNativeTarget "LidPilotAppTests" */;
			buildPhases = (
				8B72B1EFB40B28A6B7826280BE73BE7E /* Sources */,
				94575771A0861DB1ED9EF0B4C309792F /* Frameworks */,
				D3E39B1222AEDE90BBD30522DEAF25B2 /* Resources */,
			);
			buildRules = (
			);
			dependencies = (
			);
			name = LidPilotAppTests;
			packageProductDependencies = (
				BC3EFFECA032F5B837EA436A733958B2 /* LidPilotRuntime */,
				675F8FD211A692A933154A93DF2B6725 /* LidPilotCore */,
				FAA7E4651558CED4A0F9B19799792F83 /* Sparkle */,
			);
			productName = LidPilotAppTests;
			productReference = D956C0FD24F63AA7943030461CB50F45 /* LidPilotAppTests.xctest */;
			productType = "com.apple.product-type.bundle.unit-test";
		};
		A26C30B71FC1FFB1E118540BD29A9E30 /* LidPilotCLI */ = {
			isa = PBXNativeTarget;
			buildConfigurationList = CC0A303AEFF3B73A680CDEDF2F9B85D4 /* Build configuration list for PBXNativeTarget "LidPilotCLI" */;
			buildPhases = (
				0E11EF6F3065E3E05F18FAC94E6DDC65 /* Sources */,
				C400621DC428FA9510BA860F6077F840 /* Frameworks */,
				D046E0430F9478609365E28A5D4F953C /* Resources */,
			);
			buildRules = (
			);
			dependencies = (
			);
			name = LidPilotCLI;
			packageProductDependencies = (
				ED2C3ABC1033C0397003716C519D6002 /* LidPilotRuntime */,
				3403A62D506505C959B6E8A0182D8094 /* LidPilotCore */,
			);
			productName = LidPilotCLI;
			productReference = 3EF3257E1D621687AC0D46CD5504E175 /* lidpilot-cli */;
			productType = "com.apple.product-type.tool";
		};
		BC11E0C00F68683D5BC062BF28596DBF /* LidPilotHelper */ = {
			isa = PBXNativeTarget;
			buildConfigurationList = 3EBF62036798BCEEDDEA80222A9FBBE3 /* Build configuration list for PBXNativeTarget "LidPilotHelper" */;
			buildPhases = (
				D46F6FAB87DF6EF8B3E2B09D55E8FE31 /* Sources */,
				54437C3F8DA152701FFE85F848EE192A /* Frameworks */,
				F3952AEE0FA8674039E292E42FC4663C /* Resources */,
			);
			buildRules = (
			);
			dependencies = (
			);
			name = LidPilotHelper;
			packageProductDependencies = (
				3A06224E51BC7F68759C13C3229E925C /* LidPilotRuntime */,
				A9D7A2D05DEBC5C83C5EA825BE28BAE9 /* LidPilotCore */,
			);
			productName = LidPilotHelper;
			productReference = 44C843BB5CFEF16D5CCA9C1BC0445CB8 /* LidPilotHelper */;
			productType = "com.apple.product-type.tool";
		};
		D1150D095644F3C3DABF327F691F7646 /* LidPilot */ = {
			isa = PBXNativeTarget;
			buildConfigurationList = 5AA58B96ADC0CFE2CE3197622CF47EBA /* Build configuration list for PBXNativeTarget "LidPilot" */;
			buildPhases = (
				8757E40CFF1AEF98993672D370F85A6F /* Sources */,
				53C9F9BFF4D149390628D1EA093E89C7 /* Frameworks */,
				3DD6B3AE1A96C62F4173AEB1F8D06969 /* Resources */,
				95A8883216F40C21C24255AC938E5890 /* Embed lidpilot CLI */,
				FAD204533D3D2C5FB51539326C2A066B /* Embed LidPilotHelper */,
				ADE0C6A9A3E8E7F658B1E392837BCA39 /* Embed Configuration LaunchDaemon */,
			);
			buildRules = (
			);
			dependencies = (
				6A0EEC99332DE274306C5F5FE4238323 /* PBXTargetDependency */,
				E7D29F49A507F613E5C3352077FD8E0E /* PBXTargetDependency */,
			);
			name = LidPilot;
			packageProductDependencies = (
				2004181BD423F3C89951FED7DF999097 /* LidPilotRuntime */,
				BC3CFD27C1AAB3C3EE52B79762395314 /* LidPilotCore */,
				A8FB209912EC6602195B0E1646086CC3 /* Sparkle */,
			);
			productName = LidPilot;
			productReference = BF4ABB0EF5711A9ECD01E0CB4D4F3D48 /* LidPilot.app */;
			productType = "com.apple.product-type.application";
		};
/* End PBXNativeTarget section */

/* Begin PBXProject section */
		7E35FAB48B0F003348B9A6997BC3F935 /* Project object */ = {
			isa = PBXProject;
			attributes = {
				LastSwiftUpdateCheck = 1600;
				LastUpgradeCheck = 2700;
			};
			buildConfigurationList = A10E772ECF1D3B0704A2EA7A93052F57 /* Build configuration list for PBXProject "LidPilot" */;
			compatibilityVersion = "Xcode 3.2";
			developmentRegion = en;
			hasScannedForEncodings = 0;
			knownRegions = (
				en,
				Base,
			);
			mainGroup = A6BA33EB933E86EE78AC46A7B75D624B;
			minimizedProjectReferenceProxies = 0;
			packageReferences = (
				B4B0AA4368ED0C9F9F215E07318BA91D /* XCLocalSwiftPackageReference "." */,
				FD143375B9BBC11C8C962A96486DC541 /* XCLocalSwiftPackageReference "Core" */,
				3ADB3095918A28C58E35D9F30A6E60D7 /* XCRemoteSwiftPackageReference "Sparkle" */,
			);
			preferredProjectObjectVersion = 77;
			productRefGroup = DB816FF39BFE6F23A30526DB889ADADA /* Products */;
			projectDirPath = "";
			projectRoot = "";
			targets = (
				D1150D095644F3C3DABF327F691F7646 /* LidPilot */,
				BC11E0C00F68683D5BC062BF28596DBF /* LidPilotHelper */,
				A26C30B71FC1FFB1E118540BD29A9E30 /* LidPilotCLI */,
				92FC42AA68875BFDDA7A411B0B105B0F /* LidPilotAppTests */,
			);
		};
/* End PBXProject section */

/* Begin PBXResourcesBuildPhase section */
		3DD6B3AE1A96C62F4173AEB1F8D06969 /* Resources */ = {
			isa = PBXResourcesBuildPhase;
			buildActionMask = 2147483647;
			files = (
				8092C7524CDDBA55D85BBD0A9CFB2EBA /* Assets.xcassets in Resources */,
				85D74A53CABB744D78550DE2FE4320B4 /* LICENSE in Resources */,
				DF831431C6D302F06D7CA2ED978C9EB5 /* THIRD_PARTY_NOTICES.md in Resources */,
			);
			runOnlyForDeploymentPostprocessing = 0;
		};
		D046E0430F9478609365E28A5D4F953C /* Resources */ = {
			isa = PBXResourcesBuildPhase;
			buildActionMask = 2147483647;
			files = (
			);
			runOnlyForDeploymentPostprocessing = 0;
		};
		D3E39B1222AEDE90BBD30522DEAF25B2 /* Resources */ = {
			isa = PBXResourcesBuildPhase;
			buildActionMask = 2147483647;
			files = (
			);
			runOnlyForDeploymentPostprocessing = 0;
		};
		F3952AEE0FA8674039E292E42FC4663C /* Resources */ = {
			isa = PBXResourcesBuildPhase;
			buildActionMask = 2147483647;
			files = (
			);
			runOnlyForDeploymentPostprocessing = 0;
		};
/* End PBXResourcesBuildPhase section */

/* Begin PBXShellScriptBuildPhase section */
		ADE0C6A9A3E8E7F658B1E392837BCA39 /* Embed Configuration LaunchDaemon */ = {
			isa = PBXShellScriptBuildPhase;
			alwaysOutOfDate = 1;
			buildActionMask = 2147483647;
			files = (
			);
			inputFileListPaths = (
			);
			inputPaths = (
				"$(SRCROOT)/Config/LaunchDaemons/com.lidpilot.app.dev.helper.plist",
				"$(SRCROOT)/Config/LaunchDaemons/com.lidpilot.app.helper.plist",
			);
			name = "Embed Configuration LaunchDaemon";
			outputFileListPaths = (
			);
			outputPaths = (
				"$(TARGET_BUILD_DIR)/$(CONTENTS_FOLDER_PATH)/Library/LaunchDaemons/$(LIDPILOT_DAEMON_PLIST_NAME)",
			);
			runOnlyForDeploymentPostprocessing = 0;
			shellPath = /bin/sh;
			shellScript = "set -eu\ncase \"${CONFIGURATION:-}\" in\n  Debug)\n    expected_app=\"com.lidpilot.app.dev\";\n    expected_helper=\"com.lidpilot.app.dev.helper\";\n    expected_plist=\"com.lidpilot.app.dev.helper.plist\";\n    source_plist=\"${SRCROOT}/Config/LaunchDaemons/com.lidpilot.app.dev.helper.plist\" ;;\n  Release)\n    expected_app=\"com.lidpilot.app\";\n    expected_helper=\"com.lidpilot.app.helper\";\n    expected_plist=\"com.lidpilot.app.helper.plist\";\n    source_plist=\"${SRCROOT}/Config/LaunchDaemons/com.lidpilot.app.helper.plist\" ;;\n  *) echo \"Unsupported LidPilot configuration: ${CONFIGURATION:-missing}\" >&2; exit 64 ;;\nesac\n\n[ \"${PRODUCT_BUNDLE_IDENTIFIER:-}\" = \"$expected_app\" ] || { echo \"App identity does not match $CONFIGURATION\" >&2; exit 1; }\n[ \"${LIDPILOT_APP_IDENTIFIER:-}\" = \"$expected_app\" ] || { echo \"Host identity does not match $CONFIGURATION\" >&2; exit 1; }\n[ \"${LIDPILOT_HELPER_IDENTIFIER:-}\" = \"$expected_helper\" ] || { echo \"Helper identity does not match $CONFIGURATION\" >&2; exit 1; }\n[ \"${LIDPILOT_DAEMON_LABEL:-}\" = \"$expected_helper\" ] || { echo \"Daemon label does not match $CONFIGURATION\" >&2; exit 1; }\n[ \"${LIDPILOT_DAEMON_PLIST_NAME:-}\" = \"$expected_plist\" ] || { echo \"Daemon plist name does not match $CONFIGURATION\" >&2; exit 1; }\n[ \"${LIDPILOT_SERVICE_IDENTIFIER:-}\" = \"$expected_helper\" ] || { echo \"XPC service identity does not match $CONFIGURATION\" >&2; exit 1; }\n\ndestination_dir=\"${TARGET_BUILD_DIR}/${CONTENTS_FOLDER_PATH}/Library/LaunchDaemons\"\ndestination=\"${destination_dir}/${expected_plist}\"\n/bin/mkdir -p \"$destination_dir\"\nfor stale_plist in \"com.lidpilot.app.dev.helper.plist\" \"com.lidpilot.app.helper.plist\"; do\n  if [ \"$stale_plist\" != \"$expected_plist\" ] && [ -e \"${destination_dir}/${stale_plist}\" ]; then\n    /bin/rm -f \"${destination_dir}/${stale_plist}\"\n  fi\ndone\n/bin/cp \"$source_plist\" \"$destination\"\n/usr/bin/plutil -lint \"$destination\" >/dev/null\nactual_label=$(/usr/libexec/PlistBuddy -c 'Print :Label' \"$destination\")\nactual_service=$(/usr/libexec/PlistBuddy -c \"Print :MachServices:$expected_helper\" \"$destination\")\n[ \"$actual_label\" = \"$expected_helper\" ] && [ \"$actual_service\" = \"true\" ] || {\n  echo \"Embedded LaunchDaemon identity does not match $CONFIGURATION\" >&2\n  exit 1\n}\n";
		};
/* End PBXShellScriptBuildPhase section */

/* Begin PBXSourcesBuildPhase section */
		0E11EF6F3065E3E05F18FAC94E6DDC65 /* Sources */ = {
			isa = PBXSourcesBuildPhase;
			buildActionMask = 2147483647;
			files = (
				E9B2EC2D2FCC955017CDA8D3DCE3FCB9 /* main.swift in Sources */,
			);
			runOnlyForDeploymentPostprocessing = 0;
		};
		8757E40CFF1AEF98993672D370F85A6F /* Sources */ = {
			isa = PBXSourcesBuildPhase;
			buildActionMask = 2147483647;
			files = (
				630D5B1196D45CF02963B972A96E9DF7 /* AppModel.swift in Sources */,
				9B26E77E67E119C5BC13D11938098CBD /* DiagnosticsStore.swift in Sources */,
				FE9D5B31785A1A3ABE03D36A01BF2109 /* GlobalShortcuts.swift in Sources */,
				32D77A2FEFF21F5F202214D2FD93AD59 /* HelperManager.swift in Sources */,
				2F8886E161ED91F21B419082885E5745 /* LidPilotApp.swift in Sources */,
				DCA32B86D9807B80963AAD1311F252A1 /* PilotPanel.swift in Sources */,
				D7BE6573E12861ABDC93677308EBF8A1 /* PreviewHarness.swift in Sources */,
				A7F511089207266B609AA365E6631457 /* SettingsView.swift in Sources */,
				5D50FA7E23EF4D7681B260EF61AF2B75 /* AgentTasksView.swift in Sources */,
				8D79B219ABAA5F07AA95AECD861B7731 /* StateObserver.swift in Sources */,
				00F9B1F4DE521F7DC90812838D49CC7A /* UpdateCoordinator.swift in Sources */,
				6D02E1706C29B78E3CBC7D3D181A015C /* UpdateOwnership.swift in Sources */,
				F8C2DEE4E7BF843F6405937D18410CD2 /* WelcomeView.swift in Sources */,
			);
			runOnlyForDeploymentPostprocessing = 0;
		};
		8B72B1EFB40B28A6B7826280BE73BE7E /* Sources */ = {
			isa = PBXSourcesBuildPhase;
			buildActionMask = 2147483647;
			files = (
				370608E6A8D331EC589E0D76B0E6ECA4 /* UpdateCoordinator.swift in Sources */,
				B4F19F1EEDB68CC9AEF4BDC9D347FD24 /* UpdateOwnership.swift in Sources */,
				61F89FD2F76EC9F0945529EA4BA9A31E /* GlobalShortcuts.swift in Sources */,
				23F7D4C4613ADB21697F7912D275C3B7 /* HelperManager.swift in Sources */,
				18B5348BAD6BBF4B94496E7D42A25529 /* AppModel.swift in Sources */,
				4A5D46037266323E46A88440BE57D8D5 /* DiagnosticsStore.swift in Sources */,
				5F27423114164E2042904E5D2231033E /* StateObserver.swift in Sources */,
				7F38A84AFFD0CF18E9234263CA146365 /* UpdateCoordinatorTests.swift in Sources */,
			);
			runOnlyForDeploymentPostprocessing = 0;
		};
		D46F6FAB87DF6EF8B3E2B09D55E8FE31 /* Sources */ = {
			isa = PBXSourcesBuildPhase;
			buildActionMask = 2147483647;
			files = (
				74C4FD8377AAA9F8542E269FDD4B83CA /* main.swift in Sources */,
			);
			runOnlyForDeploymentPostprocessing = 0;
		};
/* End PBXSourcesBuildPhase section */

/* Begin PBXTargetDependency section */
		6A0EEC99332DE274306C5F5FE4238323 /* PBXTargetDependency */ = {
			isa = PBXTargetDependency;
			name = LidPilotHelper;
			target = BC11E0C00F68683D5BC062BF28596DBF /* LidPilotHelper */;
			targetProxy = C044B36D785DBCECB862C72D4D7BD9F2 /* PBXContainerItemProxy */;
		};
		E7D29F49A507F613E5C3352077FD8E0E /* PBXTargetDependency */ = {
			isa = PBXTargetDependency;
			name = LidPilotCLI;
			target = A26C30B71FC1FFB1E118540BD29A9E30 /* LidPilotCLI */;
			targetProxy = D53CB6317301A6DAF42370A4CC7B64CC /* PBXContainerItemProxy */;
		};
/* End PBXTargetDependency section */

/* Begin XCBuildConfiguration section */
		0CD5177C0A45AFDD4545DA860E24869B /* Debug */ = {
			isa = XCBuildConfiguration;
			buildSettings = {
				ARCHS = arm64;
				CLANG_ENABLE_MODULES = YES;
				CODE_SIGN_ENTITLEMENTS = "";
				CODE_SIGN_IDENTITY = "-";
				CODE_SIGN_INJECT_BASE_ENTITLEMENTS = NO;
				CODE_SIGN_STYLE = Manual;
				CREATE_INFOPLIST_SECTION_IN_BINARY = YES;
				CURRENT_PROJECT_VERSION = "$(inherited)";
				ENABLE_APP_SANDBOX = NO;
				ENABLE_HARDENED_RUNTIME = YES;
				GCC_C_LANGUAGE_STANDARD = gnu17;
				GENERATE_INFOPLIST_FILE = NO;
				INFOPLIST_FILE = "Config/Helper-Info.plist";
				INSTALL_PATH = "$(CONTENTS_FOLDER_PATH)";
				LD_RUNPATH_SEARCH_PATHS = "$(inherited) @executable_path/../Frameworks";
				LIDPILOT_APP_IDENTIFIER = com.lidpilot.app.dev;
				LIDPILOT_DAEMON_LABEL = com.lidpilot.app.dev.helper;
				LIDPILOT_DAEMON_PLIST_NAME = com.lidpilot.app.dev.helper.plist;
				LIDPILOT_HELPER_IDENTIFIER = com.lidpilot.app.dev.helper;
				LIDPILOT_SERVICE_IDENTIFIER = com.lidpilot.app.dev.helper;
				MACH_O_TYPE = mh_execute;
				MACOSX_DEPLOYMENT_TARGET = 15.0;
				ONLY_ACTIVE_ARCH = YES;
				PRODUCT_BUNDLE_IDENTIFIER = com.lidpilot.app.dev.helper;
				PRODUCT_NAME = LidPilotHelper;
				SDKROOT = macosx;
				SKIP_INSTALL = YES;
				SUFeedURL = "";
				SUPublicEDKey = "";
				SWIFT_STRICT_CONCURRENCY = complete;
				SWIFT_VERSION = 6.0;
				VERSIONING_SYSTEM = "apple-generic";
			};
			name = Debug;
		};
		0EC336487C114B9FC51EBFEB75E95546 /* Release */ = {
			isa = XCBuildConfiguration;
			buildSettings = {
				ARCHS = arm64;
				CLANG_ENABLE_MODULES = YES;
				CODE_SIGN_ENTITLEMENTS = "";
				CODE_SIGN_IDENTITY = "Developer ID Application";
				CODE_SIGN_INJECT_BASE_ENTITLEMENTS = NO;
				CODE_SIGN_STYLE = Manual;
				CREATE_INFOPLIST_SECTION_IN_BINARY = YES;
				CURRENT_PROJECT_VERSION = "$(inherited)";
				ENABLE_APP_SANDBOX = NO;
				ENABLE_HARDENED_RUNTIME = YES;
				GCC_C_LANGUAGE_STANDARD = gnu17;
				GENERATE_INFOPLIST_FILE = NO;
				INFOPLIST_FILE = "Config/Helper-Info.plist";
				INSTALL_PATH = "$(CONTENTS_FOLDER_PATH)";
				LD_RUNPATH_SEARCH_PATHS = "$(inherited) @executable_path/../Frameworks";
				LIDPILOT_APP_IDENTIFIER = com.lidpilot.app;
				LIDPILOT_DAEMON_LABEL = com.lidpilot.app.helper;
				LIDPILOT_DAEMON_PLIST_NAME = com.lidpilot.app.helper.plist;
				LIDPILOT_HELPER_IDENTIFIER = com.lidpilot.app.helper;
				LIDPILOT_SERVICE_IDENTIFIER = com.lidpilot.app.helper;
				MACH_O_TYPE = mh_execute;
				MACOSX_DEPLOYMENT_TARGET = 15.0;
				ONLY_ACTIVE_ARCH = NO;
				PRODUCT_BUNDLE_IDENTIFIER = com.lidpilot.app.helper;
				PRODUCT_NAME = LidPilotHelper;
				SDKROOT = macosx;
				SKIP_INSTALL = YES;
				SUFeedURL = "";
				SUPublicEDKey = "";
				SWIFT_STRICT_CONCURRENCY = complete;
				SWIFT_VERSION = 6.0;
				VERSIONING_SYSTEM = "apple-generic";
			};
			name = Release;
		};
		271489475737418285BAA54FEEA51F57 /* Debug */ = {
			isa = XCBuildConfiguration;
			buildSettings = {
				ARCHS = arm64;
				CLANG_ENABLE_MODULES = YES;
				CODE_SIGN_ENTITLEMENTS = "";
				CODE_SIGN_IDENTITY = "-";
				CODE_SIGN_INJECT_BASE_ENTITLEMENTS = NO;
				CODE_SIGN_STYLE = Manual;
				CURRENT_PROJECT_VERSION = "$(inherited)";
				ENABLE_APP_SANDBOX = NO;
				ENABLE_HARDENED_RUNTIME = YES;
				ENABLE_TESTABILITY = YES;
				GCC_C_LANGUAGE_STANDARD = gnu17;
				GENERATE_INFOPLIST_FILE = YES;
				LD_RUNPATH_SEARCH_PATHS = "$(inherited) @executable_path/../Frameworks @loader_path/../Frameworks";
				MACOSX_DEPLOYMENT_TARGET = 15.0;
				ONLY_ACTIVE_ARCH = YES;
				PRODUCT_BUNDLE_IDENTIFIER = com.lidpilot.app.tests;
				PRODUCT_NAME = LidPilotAppTests;
				SDKROOT = macosx;
				SKIP_INSTALL = YES;
				SWIFT_ACTIVE_COMPILATION_CONDITIONS = LIDPILOT_TESTING;
				SWIFT_STRICT_CONCURRENCY = complete;
				SWIFT_VERSION = 6.0;
				VERSIONING_SYSTEM = "apple-generic";
			};
			name = Debug;
		};
		53D23BF025638D26264EF525CBB1F6D1 /* Release */ = {
			isa = XCBuildConfiguration;
			buildSettings = {
				ARCHS = arm64;
				CLANG_ENABLE_MODULES = YES;
				CODE_SIGN_ENTITLEMENTS = "";
				CODE_SIGN_IDENTITY = "-";
				CODE_SIGN_INJECT_BASE_ENTITLEMENTS = NO;
				CODE_SIGN_STYLE = Manual;
				CURRENT_PROJECT_VERSION = "$(inherited)";
				ENABLE_APP_SANDBOX = NO;
				ENABLE_HARDENED_RUNTIME = YES;
				ENABLE_TESTABILITY = YES;
				GCC_C_LANGUAGE_STANDARD = gnu17;
				GENERATE_INFOPLIST_FILE = YES;
				LD_RUNPATH_SEARCH_PATHS = "$(inherited) @executable_path/../Frameworks @loader_path/../Frameworks";
				MACOSX_DEPLOYMENT_TARGET = 15.0;
				ONLY_ACTIVE_ARCH = YES;
				PRODUCT_BUNDLE_IDENTIFIER = com.lidpilot.app.tests;
				PRODUCT_NAME = LidPilotAppTests;
				SDKROOT = macosx;
				SKIP_INSTALL = YES;
				SWIFT_ACTIVE_COMPILATION_CONDITIONS = LIDPILOT_TESTING;
				SWIFT_STRICT_CONCURRENCY = complete;
				SWIFT_VERSION = 6.0;
				VERSIONING_SYSTEM = "apple-generic";
			};
			name = Release;
		};
		58CBE6C0B75E58D0134D5B74ECB6EE12 /* Debug */ = {
			isa = XCBuildConfiguration;
			baseConfigurationReference = 903D869E4E5535637963BB07C7DCA36B /* Version.xcconfig */;
			buildSettings = {
				ALWAYS_SEARCH_USER_PATHS = NO;
				CLANG_ANALYZER_NONNULL = YES;
				CLANG_ANALYZER_NUMBER_OBJECT_CONVERSION = YES_AGGRESSIVE;
				CLANG_CXX_LANGUAGE_STANDARD = "gnu++14";
				CLANG_CXX_LIBRARY = "libc++";
				CLANG_ENABLE_MODULES = YES;
				CLANG_ENABLE_OBJC_ARC = YES;
				CLANG_ENABLE_OBJC_WEAK = YES;
				CLANG_WARN_BLOCK_CAPTURE_AUTORELEASING = YES;
				CLANG_WARN_BOOL_CONVERSION = YES;
				CLANG_WARN_COMMA = YES;
				CLANG_WARN_CONSTANT_CONVERSION = YES;
				CLANG_WARN_DEPRECATED_OBJC_IMPLEMENTATIONS = YES;
				CLANG_WARN_DIRECT_OBJC_ISA_USAGE = YES_ERROR;
				CLANG_WARN_DOCUMENTATION_COMMENTS = YES;
				CLANG_WARN_EMPTY_BODY = YES;
				CLANG_WARN_ENUM_CONVERSION = YES;
				CLANG_WARN_INFINITE_RECURSION = YES;
				CLANG_WARN_INT_CONVERSION = YES;
				CLANG_WARN_NON_LITERAL_NULL_CONVERSION = YES;
				CLANG_WARN_OBJC_IMPLICIT_RETAIN_SELF = YES;
				CLANG_WARN_OBJC_LITERAL_CONVERSION = YES;
				CLANG_WARN_OBJC_ROOT_CLASS = YES_ERROR;
				CLANG_WARN_QUOTED_INCLUDE_IN_FRAMEWORK_HEADER = YES;
				CLANG_WARN_RANGE_LOOP_ANALYSIS = YES;
				CLANG_WARN_STRICT_PROTOTYPES = YES;
				CLANG_WARN_SUSPICIOUS_MOVE = YES;
				CLANG_WARN_UNGUARDED_AVAILABILITY = YES_AGGRESSIVE;
				CLANG_WARN_UNREACHABLE_CODE = YES;
				CLANG_WARN__DUPLICATE_METHOD_MATCH = YES;
				COPY_PHASE_STRIP = NO;
				DEBUG_INFORMATION_FORMAT = dwarf;
				ENABLE_STRICT_OBJC_MSGSEND = YES;
				ENABLE_TESTABILITY = YES;
				GCC_C_LANGUAGE_STANDARD = gnu11;
				GCC_DYNAMIC_NO_PIC = NO;
				GCC_NO_COMMON_BLOCKS = YES;
				GCC_OPTIMIZATION_LEVEL = 0;
				GCC_PREPROCESSOR_DEFINITIONS = (
					"DEBUG=1",
					"$(inherited)",
				);
				GCC_WARN_64_TO_32_BIT_CONVERSION = YES;
				GCC_WARN_ABOUT_RETURN_TYPE = YES_ERROR;
				GCC_WARN_UNDECLARED_SELECTOR = YES;
				GCC_WARN_UNINITIALIZED_AUTOS = YES_AGGRESSIVE;
				GCC_WARN_UNUSED_FUNCTION = YES;
				GCC_WARN_UNUSED_VARIABLE = YES;
				MTL_ENABLE_DEBUG_INFO = INCLUDE_SOURCE;
				MTL_FAST_MATH = YES;
				ONLY_ACTIVE_ARCH = YES;
				PRODUCT_NAME = "$(TARGET_NAME)";
				SWIFT_ACTIVE_COMPILATION_CONDITIONS = DEBUG;
				SWIFT_OPTIMIZATION_LEVEL = "-Onone";
				SWIFT_VERSION = 5.0;
			};
			name = Debug;
		};
		687EA9A96757269243AB05A586A180F8 /* Debug */ = {
			isa = XCBuildConfiguration;
			baseConfigurationReference = 903D869E4E5535637963BB07C7DCA36B /* Version.xcconfig */;
			buildSettings = {
				ARCHS = arm64;
				CLANG_ENABLE_MODULES = YES;
				CODE_SIGN_IDENTITY = "-";
				CODE_SIGN_INJECT_BASE_ENTITLEMENTS = NO;
				CODE_SIGN_STYLE = Manual;
				CURRENT_PROJECT_VERSION = "$(inherited)";
				ENABLE_APP_SANDBOX = NO;
				ENABLE_HARDENED_RUNTIME = YES;
				GCC_C_LANGUAGE_STANDARD = gnu17;
				MACOSX_DEPLOYMENT_TARGET = 15.0;
				ONLY_ACTIVE_ARCH = YES;
				PRODUCT_BUNDLE_IDENTIFIER = com.lidpilot.app.dev.cli;
				PRODUCT_NAME = "lidpilot-cli";
				SDKROOT = macosx;
				SKIP_INSTALL = YES;
				SWIFT_ACTIVE_COMPILATION_CONDITIONS = DEBUG;
				SWIFT_STRICT_CONCURRENCY = complete;
				SWIFT_VERSION = 6.0;
				VERSIONING_SYSTEM = "apple-generic";
			};
			name = Debug;
		};
		6E42F929836857203028873F418DD825 /* Release */ = {
			isa = XCBuildConfiguration;
			buildSettings = {
				ARCHS = arm64;
				ASSETCATALOG_COMPILER_APPICON_NAME = AppIcon;
				ASSETCATALOG_COMPILER_GLOBAL_ACCENT_COLOR_NAME = AccentColor;
				CLANG_ENABLE_MODULES = YES;
				CODE_SIGN_ENTITLEMENTS = "";
				CODE_SIGN_IDENTITY = "Developer ID Application";
				CODE_SIGN_INJECT_BASE_ENTITLEMENTS = NO;
				CODE_SIGN_STYLE = Manual;
				COMBINE_HIDPI_IMAGES = YES;
				CURRENT_PROJECT_VERSION = "$(inherited)";
				ENABLE_APP_SANDBOX = NO;
				ENABLE_HARDENED_RUNTIME = YES;
				GCC_C_LANGUAGE_STANDARD = gnu17;
				GENERATE_INFOPLIST_FILE = NO;
				INFOPLIST_FILE = "Config/App-Info.plist";
				INSTALL_PATH = "$(LOCAL_APPS_DIR)";
				LD_RUNPATH_SEARCH_PATHS = "$(inherited) @executable_path/../Frameworks";
				LIDPILOT_APP_IDENTIFIER = com.lidpilot.app;
				LIDPILOT_DAEMON_LABEL = com.lidpilot.app.helper;
				LIDPILOT_DAEMON_PLIST_NAME = com.lidpilot.app.helper.plist;
				LIDPILOT_HELPER_IDENTIFIER = com.lidpilot.app.helper;
				LIDPILOT_SERVICE_IDENTIFIER = com.lidpilot.app.helper;
				MACOSX_DEPLOYMENT_TARGET = 15.0;
				ONLY_ACTIVE_ARCH = NO;
				PRODUCT_BUNDLE_IDENTIFIER = com.lidpilot.app;
				PRODUCT_NAME = LidPilot;
				SDKROOT = macosx;
				SKIP_INSTALL = NO;
				SUFeedURL = "";
				SUPublicEDKey = "";
				SWIFT_STRICT_CONCURRENCY = complete;
				SWIFT_VERSION = 6.0;
				VERSIONING_SYSTEM = "apple-generic";
			};
			name = Release;
		};
		B88773B9AC9B69CA76F7067586F606BE /* Release */ = {
			isa = XCBuildConfiguration;
			baseConfigurationReference = 903D869E4E5535637963BB07C7DCA36B /* Version.xcconfig */;
			buildSettings = {
				ARCHS = arm64;
				CLANG_ENABLE_MODULES = YES;
				CODE_SIGN_IDENTITY = "Developer ID Application";
				CODE_SIGN_INJECT_BASE_ENTITLEMENTS = NO;
				CODE_SIGN_STYLE = Manual;
				CURRENT_PROJECT_VERSION = "$(inherited)";
				ENABLE_APP_SANDBOX = NO;
				ENABLE_HARDENED_RUNTIME = YES;
				GCC_C_LANGUAGE_STANDARD = gnu17;
				MACOSX_DEPLOYMENT_TARGET = 15.0;
				ONLY_ACTIVE_ARCH = NO;
				PRODUCT_BUNDLE_IDENTIFIER = com.lidpilot.app.cli;
				PRODUCT_NAME = "lidpilot-cli";
				SDKROOT = macosx;
				SKIP_INSTALL = YES;
				SWIFT_ACTIVE_COMPILATION_CONDITIONS = "";
				SWIFT_STRICT_CONCURRENCY = complete;
				SWIFT_VERSION = 6.0;
				VERSIONING_SYSTEM = "apple-generic";
			};
			name = Release;
		};
		E8F4866ED30CBA9B9F590CDA11E3E90F /* Release */ = {
			isa = XCBuildConfiguration;
			baseConfigurationReference = 903D869E4E5535637963BB07C7DCA36B /* Version.xcconfig */;
			buildSettings = {
				ALWAYS_SEARCH_USER_PATHS = NO;
				CLANG_ANALYZER_NONNULL = YES;
				CLANG_ANALYZER_NUMBER_OBJECT_CONVERSION = YES_AGGRESSIVE;
				CLANG_CXX_LANGUAGE_STANDARD = "gnu++14";
				CLANG_CXX_LIBRARY = "libc++";
				CLANG_ENABLE_MODULES = YES;
				CLANG_ENABLE_OBJC_ARC = YES;
				CLANG_ENABLE_OBJC_WEAK = YES;
				CLANG_WARN_BLOCK_CAPTURE_AUTORELEASING = YES;
				CLANG_WARN_BOOL_CONVERSION = YES;
				CLANG_WARN_COMMA = YES;
				CLANG_WARN_CONSTANT_CONVERSION = YES;
				CLANG_WARN_DEPRECATED_OBJC_IMPLEMENTATIONS = YES;
				CLANG_WARN_DIRECT_OBJC_ISA_USAGE = YES_ERROR;
				CLANG_WARN_DOCUMENTATION_COMMENTS = YES;
				CLANG_WARN_EMPTY_BODY = YES;
				CLANG_WARN_ENUM_CONVERSION = YES;
				CLANG_WARN_INFINITE_RECURSION = YES;
				CLANG_WARN_INT_CONVERSION = YES;
				CLANG_WARN_NON_LITERAL_NULL_CONVERSION = YES;
				CLANG_WARN_OBJC_IMPLICIT_RETAIN_SELF = YES;
				CLANG_WARN_OBJC_LITERAL_CONVERSION = YES;
				CLANG_WARN_OBJC_ROOT_CLASS = YES_ERROR;
				CLANG_WARN_QUOTED_INCLUDE_IN_FRAMEWORK_HEADER = YES;
				CLANG_WARN_RANGE_LOOP_ANALYSIS = YES;
				CLANG_WARN_STRICT_PROTOTYPES = YES;
				CLANG_WARN_SUSPICIOUS_MOVE = YES;
				CLANG_WARN_UNGUARDED_AVAILABILITY = YES_AGGRESSIVE;
				CLANG_WARN_UNREACHABLE_CODE = YES;
				CLANG_WARN__DUPLICATE_METHOD_MATCH = YES;
				COPY_PHASE_STRIP = NO;
				DEBUG_INFORMATION_FORMAT = "dwarf-with-dsym";
				ENABLE_NS_ASSERTIONS = NO;
				ENABLE_STRICT_OBJC_MSGSEND = YES;
				GCC_C_LANGUAGE_STANDARD = gnu11;
				GCC_NO_COMMON_BLOCKS = YES;
				GCC_WARN_64_TO_32_BIT_CONVERSION = YES;
				GCC_WARN_ABOUT_RETURN_TYPE = YES_ERROR;
				GCC_WARN_UNDECLARED_SELECTOR = YES;
				GCC_WARN_UNINITIALIZED_AUTOS = YES_AGGRESSIVE;
				GCC_WARN_UNUSED_FUNCTION = YES;
				GCC_WARN_UNUSED_VARIABLE = YES;
				MTL_ENABLE_DEBUG_INFO = NO;
				MTL_FAST_MATH = YES;
				PRODUCT_NAME = "$(TARGET_NAME)";
				SWIFT_COMPILATION_MODE = wholemodule;
				SWIFT_OPTIMIZATION_LEVEL = "-O";
				SWIFT_VERSION = 5.0;
			};
			name = Release;
		};
		FBFC63E7280847D79FD8616F4DCEAEE1 /* Debug */ = {
			isa = XCBuildConfiguration;
			buildSettings = {
				ARCHS = arm64;
				ASSETCATALOG_COMPILER_APPICON_NAME = AppIcon;
				ASSETCATALOG_COMPILER_GLOBAL_ACCENT_COLOR_NAME = AccentColor;
				CLANG_ENABLE_MODULES = YES;
				CODE_SIGN_ENTITLEMENTS = "";
				CODE_SIGN_IDENTITY = "-";
				CODE_SIGN_INJECT_BASE_ENTITLEMENTS = NO;
				CODE_SIGN_STYLE = Manual;
				COMBINE_HIDPI_IMAGES = YES;
				CURRENT_PROJECT_VERSION = "$(inherited)";
				ENABLE_APP_SANDBOX = NO;
				ENABLE_HARDENED_RUNTIME = YES;
				GCC_C_LANGUAGE_STANDARD = gnu17;
				GENERATE_INFOPLIST_FILE = NO;
				INFOPLIST_FILE = "Config/App-Info.plist";
				INSTALL_PATH = "$(LOCAL_APPS_DIR)";
				LD_RUNPATH_SEARCH_PATHS = "$(inherited) @executable_path/../Frameworks";
				LIDPILOT_APP_IDENTIFIER = com.lidpilot.app.dev;
				LIDPILOT_DAEMON_LABEL = com.lidpilot.app.dev.helper;
				LIDPILOT_DAEMON_PLIST_NAME = com.lidpilot.app.dev.helper.plist;
				LIDPILOT_HELPER_IDENTIFIER = com.lidpilot.app.dev.helper;
				LIDPILOT_SERVICE_IDENTIFIER = com.lidpilot.app.dev.helper;
				MACOSX_DEPLOYMENT_TARGET = 15.0;
				ONLY_ACTIVE_ARCH = YES;
				PRODUCT_BUNDLE_IDENTIFIER = com.lidpilot.app.dev;
				PRODUCT_NAME = LidPilot;
				SDKROOT = macosx;
				SKIP_INSTALL = NO;
				SUFeedURL = "";
				SUPublicEDKey = "";
				SWIFT_STRICT_CONCURRENCY = complete;
				SWIFT_VERSION = 6.0;
				VERSIONING_SYSTEM = "apple-generic";
			};
			name = Debug;
		};
/* End XCBuildConfiguration section */

/* Begin XCConfigurationList section */
		3EBF62036798BCEEDDEA80222A9FBBE3 /* Build configuration list for PBXNativeTarget "LidPilotHelper" */ = {
			isa = XCConfigurationList;
			buildConfigurations = (
				0EC336487C114B9FC51EBFEB75E95546 /* Release */,
				0CD5177C0A45AFDD4545DA860E24869B /* Debug */,
			);
			defaultConfigurationIsVisible = 0;
			defaultConfigurationName = Release;
		};
		5AA58B96ADC0CFE2CE3197622CF47EBA /* Build configuration list for PBXNativeTarget "LidPilot" */ = {
			isa = XCConfigurationList;
			buildConfigurations = (
				6E42F929836857203028873F418DD825 /* Release */,
				FBFC63E7280847D79FD8616F4DCEAEE1 /* Debug */,
			);
			defaultConfigurationIsVisible = 0;
			defaultConfigurationName = Release;
		};
		A10E772ECF1D3B0704A2EA7A93052F57 /* Build configuration list for PBXProject "LidPilot" */ = {
			isa = XCConfigurationList;
			buildConfigurations = (
				58CBE6C0B75E58D0134D5B74ECB6EE12 /* Debug */,
				E8F4866ED30CBA9B9F590CDA11E3E90F /* Release */,
			);
			defaultConfigurationIsVisible = 0;
			defaultConfigurationName = Release;
		};
		CC0A303AEFF3B73A680CDEDF2F9B85D4 /* Build configuration list for PBXNativeTarget "LidPilotCLI" */ = {
			isa = XCConfigurationList;
			buildConfigurations = (
				B88773B9AC9B69CA76F7067586F606BE /* Release */,
				687EA9A96757269243AB05A586A180F8 /* Debug */,
			);
			defaultConfigurationIsVisible = 0;
			defaultConfigurationName = Release;
		};
		ECFA9A7FC60DABF1E33702CB1EC6CF10 /* Build configuration list for PBXNativeTarget "LidPilotAppTests" */ = {
			isa = XCConfigurationList;
			buildConfigurations = (
				53D23BF025638D26264EF525CBB1F6D1 /* Release */,
				271489475737418285BAA54FEEA51F57 /* Debug */,
			);
			defaultConfigurationIsVisible = 0;
			defaultConfigurationName = Release;
		};
/* End XCConfigurationList section */

/* Begin XCLocalSwiftPackageReference section */
		B4B0AA4368ED0C9F9F215E07318BA91D /* XCLocalSwiftPackageReference "." */ = {
			isa = XCLocalSwiftPackageReference;
			relativePath = .;
		};
		FD143375B9BBC11C8C962A96486DC541 /* XCLocalSwiftPackageReference "Core" */ = {
			isa = XCLocalSwiftPackageReference;
			relativePath = Core;
		};
/* End XCLocalSwiftPackageReference section */

/* Begin XCRemoteSwiftPackageReference section */
		3ADB3095918A28C58E35D9F30A6E60D7 /* XCRemoteSwiftPackageReference "Sparkle" */ = {
			isa = XCRemoteSwiftPackageReference;
			repositoryURL = "https://github.com/sparkle-project/Sparkle";
			requirement = {
				kind = exactVersion;
				version = 2.10.0;
			};
		};
/* End XCRemoteSwiftPackageReference section */

/* Begin XCSwiftPackageProductDependency section */
		2004181BD423F3C89951FED7DF999097 /* LidPilotRuntime */ = {
			isa = XCSwiftPackageProductDependency;
			package = B4B0AA4368ED0C9F9F215E07318BA91D /* XCLocalSwiftPackageReference "." */;
			productName = LidPilotRuntime;
		};
		3403A62D506505C959B6E8A0182D8094 /* LidPilotCore */ = {
			isa = XCSwiftPackageProductDependency;
			package = FD143375B9BBC11C8C962A96486DC541 /* XCLocalSwiftPackageReference "Core" */;
			productName = LidPilotCore;
		};
		3A06224E51BC7F68759C13C3229E925C /* LidPilotRuntime */ = {
			isa = XCSwiftPackageProductDependency;
			package = B4B0AA4368ED0C9F9F215E07318BA91D /* XCLocalSwiftPackageReference "." */;
			productName = LidPilotRuntime;
		};
		675F8FD211A692A933154A93DF2B6725 /* LidPilotCore */ = {
			isa = XCSwiftPackageProductDependency;
			package = FD143375B9BBC11C8C962A96486DC541 /* XCLocalSwiftPackageReference "Core" */;
			productName = LidPilotCore;
		};
		A8FB209912EC6602195B0E1646086CC3 /* Sparkle */ = {
			isa = XCSwiftPackageProductDependency;
			package = 3ADB3095918A28C58E35D9F30A6E60D7 /* XCRemoteSwiftPackageReference "Sparkle" */;
			productName = Sparkle;
		};
		A9D7A2D05DEBC5C83C5EA825BE28BAE9 /* LidPilotCore */ = {
			isa = XCSwiftPackageProductDependency;
			package = FD143375B9BBC11C8C962A96486DC541 /* XCLocalSwiftPackageReference "Core" */;
			productName = LidPilotCore;
		};
		BC3CFD27C1AAB3C3EE52B79762395314 /* LidPilotCore */ = {
			isa = XCSwiftPackageProductDependency;
			package = FD143375B9BBC11C8C962A96486DC541 /* XCLocalSwiftPackageReference "Core" */;
			productName = LidPilotCore;
		};
		BC3EFFECA032F5B837EA436A733958B2 /* LidPilotRuntime */ = {
			isa = XCSwiftPackageProductDependency;
			package = B4B0AA4368ED0C9F9F215E07318BA91D /* XCLocalSwiftPackageReference "." */;
			productName = LidPilotRuntime;
		};
		ED2C3ABC1033C0397003716C519D6002 /* LidPilotRuntime */ = {
			isa = XCSwiftPackageProductDependency;
			package = B4B0AA4368ED0C9F9F215E07318BA91D /* XCLocalSwiftPackageReference "." */;
			productName = LidPilotRuntime;
		};
		FAA7E4651558CED4A0F9B19799792F83 /* Sparkle */ = {
			isa = XCSwiftPackageProductDependency;
			package = 3ADB3095918A28C58E35D9F30A6E60D7 /* XCRemoteSwiftPackageReference "Sparkle" */;
			productName = Sparkle;
		};
/* End XCSwiftPackageProductDependency section */
	};
	rootObject = 7E35FAB48B0F003348B9A6997BC3F935 /* Project object */;
}
